// !$*UTF8*$!
{
	archiveVersion = 1;
	classes = {
	};
	objectVersion = 50;
	objects = {

/* Begin PBXBuildFile section */
		7A0C0DC623F1E83600DE0B7D /* LucusCore.cpp in Sources */ = {isa = PBXBuildFile; fileRef = 7A0C0DC423F1E83600DE0B7D /* LucusCore.cpp */; };
		7A0C0DC723F1E83600DE0B7D /* LucusCore.cpp in Sources */ = {isa = PBXBuildFile; fileRef = 7A0C0DC423F1E83600DE0B7D /* LucusCore.cpp */; };
		7A0C0DCB23F1E84200DE0B7D /* LucusRenderSystem.cpp in Sources */ = {isa = PBXBuildFile; fileRef = 7A0C0DCA23F1E84200DE0B7D /* LucusRenderSystem.cpp */; };
		7A0C0DCC23F1E84200DE0B7D /* LucusRenderSystem.cpp in Sources */ = {isa = PBXBuildFile; fileRef = 7A0C0DCA23F1E84200DE0B7D /* LucusRenderSystem.cpp */; };
		7A0C0DDD23F338BC00DE0B7D /* host.cpp in Sources */ = {isa = PBXBuildFile; fileRef = 7A0C0DDB23F338BC00DE0B7D /* host.cpp */; };
		7A0C0DE123F3CAAF00DE0B7D /* LucusMetalView.mm in Sources */ = {isa = PBXBuildFile; fileRef = 7A0C0DE023F3CAAF00DE0B7D /* LucusMetalView.mm */; };
		7A0C0DE223F3CAB500DE0B7D /* LucusMetalView.mm in Sources */ = {isa = PBXBuildFile; fileRef = 7A0C0DE023F3CAAF00DE0B7D /* LucusMetalView.mm */; };
		7A324B5B23F5CEF8000C49DB /* AppDelegate.mm in Sources */ = {isa = PBXBuildFile; fileRef = 7A324B5A23F5CEF8000C49DB /* AppDelegate.mm */; };
		7A324B5C23F5CEF8000C49DB /* AppDelegate.mm in Sources */ = {isa = PBXBuildFile; fileRef = 7A324B5A23F5CEF8000C49DB /* AppDelegate.mm */; };
		7A324B6323F5DAC1000C49DB /* DefaultShader.metal in Sources */ = {isa = PBXBuildFile; fileRef = 7A324B6223F5DAC1000C49DB /* DefaultShader.metal */; };
		7A324B6423F5DAC1000C49DB /* DefaultShader.metal in Sources */ = {isa = PBXBuildFile; fileRef = 7A324B6223F5DAC1000C49DB /* DefaultShader.metal */; };
		7A324B6823F5DEFD000C49DB /* host.cpp in Sources */ = {isa = PBXBuildFile; fileRef = 7A0C0DDB23F338BC00DE0B7D /* host.cpp */; };
		7A324B7023FBBCDA000C49DB /* LucusMetalRenderSystem.mm in Sources */ = {isa = PBXBuildFile; fileRef = 7A324B6B23FBBCDA000C49DB /* LucusMetalRenderSystem.mm */; };
		7A324B7123FBBCDA000C49DB /* LucusMetalRenderSystem.mm in Sources */ = {isa = PBXBuildFile; fileRef = 7A324B6B23FBBCDA000C49DB /* LucusMetalRenderSystem.mm */; };
		7A324B7223FBBCDA000C49DB /* LucusMetalDevice.mm in Sources */ = {isa = PBXBuildFile; fileRef = 7A324B6C23FBBCDA000C49DB /* LucusMetalDevice.mm */; };
		7A324B7323FBBCDA000C49DB /* LucusMetalDevice.mm in Sources */ = {isa = PBXBuildFile; fileRef = 7A324B6C23FBBCDA000C49DB /* LucusMetalDevice.mm */; };
		7A324B7423FBBCDA000C49DB /* LucusMetalWindow.mm in Sources */ = {isa = PBXBuildFile; fileRef = 7A324B6F23FBBCDA000C49DB /* LucusMetalWindow.mm */; };
		7A324B7523FBBCDA000C49DB /* LucusMetalWindow.mm in Sources */ = {isa = PBXBuildFile; fileRef = 7A324B6F23FBBCDA000C49DB /* LucusMetalWindow.mm */; };
		7A324B7823FBBCEA000C49DB /* LucusRenderWindow.cpp in Sources */ = {isa = PBXBuildFile; fileRef = 7A324B7723FBBCE9000C49DB /* LucusRenderWindow.cpp */; };
		7A324B7923FBBCEA000C49DB /* LucusRenderWindow.cpp in Sources */ = {isa = PBXBuildFile; fileRef = 7A324B7723FBBCE9000C49DB /* LucusRenderWindow.cpp */; };
		7A324B7D23FFA976000C49DB /* LucusFileSystem.cpp in Sources */ = {isa = PBXBuildFile; fileRef = 7A324B7B23FFA976000C49DB /* LucusFileSystem.cpp */; };
		7A324B7E23FFA976000C49DB /* LucusFileSystem.cpp in Sources */ = {isa = PBXBuildFile; fileRef = 7A324B7B23FFA976000C49DB /* LucusFileSystem.cpp */; };
		7A324B8524012D26000C49DB /* LucusMeshFormat.cpp in Sources */ = {isa = PBXBuildFile; fileRef = 7A324B8324012D25000C49DB /* LucusMeshFormat.cpp */; };
		7A324B8624012D26000C49DB /* LucusMeshFormat.cpp in Sources */ = {isa = PBXBuildFile; fileRef = 7A324B8324012D25000C49DB /* LucusMeshFormat.cpp */; };
		7A324B8924012D3C000C49DB /* LucusMeshFormatManager.cpp in Sources */ = {isa = PBXBuildFile; fileRef = 7A324B8724012D3C000C49DB /* LucusMeshFormatManager.cpp */; };
		7A324B8A24012D3C000C49DB /* LucusMeshFormatManager.cpp in Sources */ = {isa = PBXBuildFile; fileRef = 7A324B8724012D3C000C49DB /* LucusMeshFormatManager.cpp */; };
		7A324B8E24013515000C49DB /* LucusMeshFormatFBX.cpp in Sources */ = {isa = PBXBuildFile; fileRef = 7A324B8C24013515000C49DB /* LucusMeshFormatFBX.cpp */; };
		7A324B8F24013515000C49DB /* LucusMeshFormatFBX.cpp in Sources */ = {isa = PBXBuildFile; fileRef = 7A324B8C24013515000C49DB /* LucusMeshFormatFBX.cpp */; };
		7A324B9224013575000C49DB /* LucusMesh.cpp in Sources */ = {isa = PBXBuildFile; fileRef = 7A324B9024013575000C49DB /* LucusMesh.cpp */; };
		7A324B9324013575000C49DB /* LucusMesh.cpp in Sources */ = {isa = PBXBuildFile; fileRef = 7A324B9024013575000C49DB /* LucusMesh.cpp */; };
		7AA498D1240249C1009C1ED7 /* libfbxsdk.a in Frameworks */ = {isa = PBXBuildFile; fileRef = 7AA498D0240249C0009C1ED7 /* libfbxsdk.a */; };
		7AA498D924027E1E009C1ED7 /* meshes in Resources */ = {isa = PBXBuildFile; fileRef = 7AA498D824027E1E009C1ED7 /* meshes */; };
		7AA498DA24027E1E009C1ED7 /* meshes in Resources */ = {isa = PBXBuildFile; fileRef = 7AA498D824027E1E009C1ED7 /* meshes */; };
		7ADF914023E6D07A0094C83D /* main.mm in Sources */ = {isa = PBXBuildFile; fileRef = 7ADF913F23E6D07A0094C83D /* main.mm */; };
		7ADF914123E6D07A0094C83D /* main.mm in Sources */ = {isa = PBXBuildFile; fileRef = 7ADF913F23E6D07A0094C83D /* main.mm */; };
		7ADF914523E6D36B0094C83D /* Cocoa.framework in Frameworks */ = {isa = PBXBuildFile; fileRef = 7ADF914423E6D36B0094C83D /* Cocoa.framework */; };
		7ADF914723E6D3B80094C83D /* UIKit.framework in Frameworks */ = {isa = PBXBuildFile; fileRef = 7ADF914623E6D3B80094C83D /* UIKit.framework */; };
		7ADF914D23E704CB0094C83D /* Metal.framework in Frameworks */ = {isa = PBXBuildFile; fileRef = 7ADF914C23E704CB0094C83D /* Metal.framework */; };
		7ADF914F23E704D10094C83D /* MetalKit.framework in Frameworks */ = {isa = PBXBuildFile; fileRef = 7ADF914E23E704D10094C83D /* MetalKit.framework */; };
		7ADF915123E704DA0094C83D /* Metal.framework in Frameworks */ = {isa = PBXBuildFile; fileRef = 7ADF915023E704DA0094C83D /* Metal.framework */; };
		7ADF915323E704E00094C83D /* MetalKit.framework in Frameworks */ = {isa = PBXBuildFile; fileRef = 7ADF915223E704E00094C83D /* MetalKit.framework */; };
/* End PBXBuildFile section */

/* Begin PBXFileReference section */
		7A0C0DC323F1E83600DE0B7D /* LucusCore.h */ = {isa = PBXFileReference; fileEncoding = 4; lastKnownFileType = sourcecode.c.h; path = LucusCore.h; sourceTree = "<group>"; };
		7A0C0DC423F1E83600DE0B7D /* LucusCore.cpp */ = {isa = PBXFileReference; fileEncoding = 4; lastKnownFileType = sourcecode.cpp.cpp; path = LucusCore.cpp; sourceTree = "<group>"; };
		7A0C0DC523F1E83600DE0B7D /* LucusSingleton.h */ = {isa = PBXFileReference; fileEncoding = 4; lastKnownFileType = sourcecode.c.h; path = LucusSingleton.h; sourceTree = "<group>"; };
		7A0C0DC923F1E84200DE0B7D /* LucusRenderSystem.h */ = {isa = PBXFileReference; fileEncoding = 4; lastKnownFileType = sourcecode.c.h; path = LucusRenderSystem.h; sourceTree = "<group>"; };
		7A0C0DCA23F1E84200DE0B7D /* LucusRenderSystem.cpp */ = {isa = PBXFileReference; fileEncoding = 4; lastKnownFileType = sourcecode.cpp.cpp; path = LucusRenderSystem.cpp; sourceTree = "<group>"; };
		7A0C0DDB23F338BC00DE0B7D /* host.cpp */ = {isa = PBXFileReference; lastKnownFileType = sourcecode.cpp.cpp; path = host.cpp; sourceTree = "<group>"; };
		7A0C0DDC23F338BC00DE0B7D /* host.h */ = {isa = PBXFileReference; lastKnownFileType = sourcecode.c.h; path = host.h; sourceTree = "<group>"; };
		7A0C0DDF23F3CAAF00DE0B7D /* LucusMetalView.h */ = {isa = PBXFileReference; lastKnownFileType = sourcecode.c.h; path = LucusMetalView.h; sourceTree = "<group>"; };
		7A0C0DE023F3CAAF00DE0B7D /* LucusMetalView.mm */ = {isa = PBXFileReference; lastKnownFileType = sourcecode.cpp.objcpp; path = LucusMetalView.mm; sourceTree = "<group>"; };
		7A0C0DEA23F4815200DE0B7D /* LucusTypes.h */ = {isa = PBXFileReference; lastKnownFileType = sourcecode.c.h; path = LucusTypes.h; sourceTree = "<group>"; };
		7A324B5923F5CEF8000C49DB /* AppDelegate.h */ = {isa = PBXFileReference; lastKnownFileType = sourcecode.c.h; path = AppDelegate.h; sourceTree = "<group>"; };
		7A324B5A23F5CEF8000C49DB /* AppDelegate.mm */ = {isa = PBXFileReference; lastKnownFileType = sourcecode.cpp.objcpp; path = AppDelegate.mm; sourceTree = "<group>"; };
		7A324B6223F5DAC1000C49DB /* DefaultShader.metal */ = {isa = PBXFileReference; lastKnownFileType = sourcecode.metal; path = DefaultShader.metal; sourceTree = "<group>"; };
		7A324B6623F5DD84000C49DB /* LucusMath.h */ = {isa = PBXFileReference; fileEncoding = 4; lastKnownFileType = sourcecode.c.h; path = LucusMath.h; sourceTree = "<group>"; };
		7A324B6A23FBBCDA000C49DB /* LucusMetalDevice.h */ = {isa = PBXFileReference; fileEncoding = 4; lastKnownFileType = sourcecode.c.h; path = LucusMetalDevice.h; sourceTree = "<group>"; };
		7A324B6B23FBBCDA000C49DB /* LucusMetalRenderSystem.mm */ = {isa = PBXFileReference; fileEncoding = 4; lastKnownFileType = sourcecode.cpp.objcpp; path = LucusMetalRenderSystem.mm; sourceTree = "<group>"; };
		7A324B6C23FBBCDA000C49DB /* LucusMetalDevice.mm */ = {isa = PBXFileReference; fileEncoding = 4; lastKnownFileType = sourcecode.cpp.objcpp; path = LucusMetalDevice.mm; sourceTree = "<group>"; };
		7A324B6D23FBBCDA000C49DB /* LucusMetalWindow.h */ = {isa = PBXFileReference; fileEncoding = 4; lastKnownFileType = sourcecode.c.h; path = LucusMetalWindow.h; sourceTree = "<group>"; };
		7A324B6E23FBBCDA000C49DB /* LucusMetalRenderSystem.h */ = {isa = PBXFileReference; fileEncoding = 4; lastKnownFileType = sourcecode.c.h; path = LucusMetalRenderSystem.h; sourceTree = "<group>"; };
		7A324B6F23FBBCDA000C49DB /* LucusMetalWindow.mm */ = {isa = PBXFileReference; fileEncoding = 4; lastKnownFileType = sourcecode.cpp.objcpp; path = LucusMetalWindow.mm; sourceTree = "<group>"; };
		7A324B7623FBBCE9000C49DB /* LucusRenderWindow.h */ = {isa = PBXFileReference; fileEncoding = 4; lastKnownFileType = sourcecode.c.h; path = LucusRenderWindow.h; sourceTree = "<group>"; };
		7A324B7723FBBCE9000C49DB /* LucusRenderWindow.cpp */ = {isa = PBXFileReference; fileEncoding = 4; lastKnownFileType = sourcecode.cpp.cpp; path = LucusRenderWindow.cpp; sourceTree = "<group>"; };
		7A324B7A23FBC07A000C49DB /* LucusShaderTypes.h */ = {isa = PBXFileReference; fileEncoding = 4; lastKnownFileType = sourcecode.c.h; name = LucusShaderTypes.h; path = "../../src/lucus-render/LucusShaderTypes.h"; sourceTree = SOURCE_ROOT; };
		7A324B7B23FFA976000C49DB /* LucusFileSystem.cpp */ = {isa = PBXFileReference; lastKnownFileType = sourcecode.cpp.cpp; path = LucusFileSystem.cpp; sourceTree = "<group>"; };
		7A324B7C23FFA976000C49DB /* LucusFileSystem.h */ = {isa = PBXFileReference; lastKnownFileType = sourcecode.c.h; path = LucusFileSystem.h; sourceTree = "<group>"; };
		7A324B8324012D25000C49DB /* LucusMeshFormat.cpp */ = {isa = PBXFileReference; lastKnownFileType = sourcecode.cpp.cpp; path = LucusMeshFormat.cpp; sourceTree = "<group>"; };
		7A324B8424012D25000C49DB /* LucusMeshFormat.h */ = {isa = PBXFileReference; lastKnownFileType = sourcecode.c.h; path = LucusMeshFormat.h; sourceTree = "<group>"; };
		7A324B8724012D3C000C49DB /* LucusMeshFormatManager.cpp */ = {isa = PBXFileReference; lastKnownFileType = sourcecode.cpp.cpp; path = LucusMeshFormatManager.cpp; sourceTree = "<group>"; };
		7A324B8824012D3C000C49DB /* LucusMeshFormatManager.h */ = {isa = PBXFileReference; lastKnownFileType = sourcecode.c.h; path = LucusMeshFormatManager.h; sourceTree = "<group>"; };
		7A324B8C24013515000C49DB /* LucusMeshFormatFBX.cpp */ = {isa = PBXFileReference; lastKnownFileType = sourcecode.cpp.cpp; path = LucusMeshFormatFBX.cpp; sourceTree = "<group>"; };
		7A324B8D24013515000C49DB /* LucusMeshFormatFBX.h */ = {isa = PBXFileReference; lastKnownFileType = sourcecode.c.h; path = LucusMeshFormatFBX.h; sourceTree = "<group>"; };
		7A324B9024013575000C49DB /* LucusMesh.cpp */ = {isa = PBXFileReference; lastKnownFileType = sourcecode.cpp.cpp; path = LucusMesh.cpp; sourceTree = "<group>"; };
		7A324B9124013575000C49DB /* LucusMesh.h */ = {isa = PBXFileReference; lastKnownFileType = sourcecode.c.h; path = LucusMesh.h; sourceTree = "<group>"; };
		7A324B94240137C4000C49DB /* modules.h */ = {isa = PBXFileReference; lastKnownFileType = sourcecode.c.h; path = modules.h; sourceTree = "<group>"; };
		7AA498D0240249C0009C1ED7 /* libfbxsdk.a */ = {isa = PBXFileReference; lastKnownFileType = archive.ar; name = libfbxsdk.a; path = "../../3rdparty/fbx-sdk-osx/lib/clang/debug/libfbxsdk.a"; sourceTree = "<group>"; };
		7AA498D324027673009C1ED7 /* LucusUtils.h */ = {isa = PBXFileReference; lastKnownFileType = sourcecode.c.h; path = LucusUtils.h; sourceTree = "<group>"; };
		7AA498D824027E1E009C1ED7 /* meshes */ = {isa = PBXFileReference; lastKnownFileType = folder; name = meshes; path = Resources/meshes; sourceTree = "<group>"; };
		7ADF910E23E6CA810094C83D /* LucusGame.app */ = {isa = PBXFileReference; explicitFileType = wrapper.application; includeInIndex = 0; path = LucusGame.app; sourceTree = BUILT_PRODUCTS_DIR; };
		7ADF911D23E6CA810094C83D /* Info.plist */ = {isa = PBXFileReference; lastKnownFileType = text.plist.xml; path = Info.plist; sourceTree = "<group>"; };
		7ADF912423E6CA810094C83D /* LucusGame.app */ = {isa = PBXFileReference; explicitFileType = wrapper.application; includeInIndex = 0; path = LucusGame.app; sourceTree = BUILT_PRODUCTS_DIR; };
		7ADF912F23E6CA810094C83D /* Info.plist */ = {isa = PBXFileReference; lastKnownFileType = text.plist.xml; path = Info.plist; sourceTree = "<group>"; };
		7ADF913F23E6D07A0094C83D /* main.mm */ = {isa = PBXFileReference; lastKnownFileType = sourcecode.cpp.objcpp; path = main.mm; sourceTree = "<group>"; };
		7ADF914423E6D36B0094C83D /* Cocoa.framework */ = {isa = PBXFileReference; lastKnownFileType = wrapper.framework; name = Cocoa.framework; path = System/Library/Frameworks/Cocoa.framework; sourceTree = SDKROOT; };
		7ADF914623E6D3B80094C83D /* UIKit.framework */ = {isa = PBXFileReference; lastKnownFileType = wrapper.framework; name = UIKit.framework; path = Platforms/iPhoneOS.platform/Developer/SDKs/iPhoneOS13.2.sdk/System/Library/Frameworks/UIKit.framework; sourceTree = DEVELOPER_DIR; };
		7ADF914C23E704CB0094C83D /* Metal.framework */ = {isa = PBXFileReference; lastKnownFileType = wrapper.framework; name = Metal.framework; path = Platforms/iPhoneOS.platform/Developer/SDKs/iPhoneOS13.2.sdk/System/Library/Frameworks/Metal.framework; sourceTree = DEVELOPER_DIR; };
		7ADF914E23E704D10094C83D /* MetalKit.framework */ = {isa = PBXFileReference; lastKnownFileType = wrapper.framework; name = MetalKit.framework; path = Platforms/iPhoneOS.platform/Developer/SDKs/iPhoneOS13.2.sdk/System/Library/Frameworks/MetalKit.framework; sourceTree = DEVELOPER_DIR; };
		7ADF915023E704DA0094C83D /* Metal.framework */ = {isa = PBXFileReference; lastKnownFileType = wrapper.framework; name = Metal.framework; path = System/Library/Frameworks/Metal.framework; sourceTree = SDKROOT; };
		7ADF915223E704E00094C83D /* MetalKit.framework */ = {isa = PBXFileReference; lastKnownFileType = wrapper.framework; name = MetalKit.framework; path = System/Library/Frameworks/MetalKit.framework; sourceTree = SDKROOT; };
/* End PBXFileReference section */

/* Begin PBXFrameworksBuildPhase section */
		7ADF910B23E6CA810094C83D /* Frameworks */ = {
			isa = PBXFrameworksBuildPhase;
			buildActionMask = 2147483647;
			files = (
				7ADF914F23E704D10094C83D /* MetalKit.framework in Frameworks */,
				7ADF914D23E704CB0094C83D /* Metal.framework in Frameworks */,
				7ADF914723E6D3B80094C83D /* UIKit.framework in Frameworks */,
			);
			runOnlyForDeploymentPostprocessing = 0;
		};
		7ADF912123E6CA810094C83D /* Frameworks */ = {
			isa = PBXFrameworksBuildPhase;
			buildActionMask = 2147483647;
			files = (
				7AA498D1240249C1009C1ED7 /* libfbxsdk.a in Frameworks */,
				7ADF915323E704E00094C83D /* MetalKit.framework in Frameworks */,
				7ADF915123E704DA0094C83D /* Metal.framework in Frameworks */,
				7ADF914523E6D36B0094C83D /* Cocoa.framework in Frameworks */,
			);
			runOnlyForDeploymentPostprocessing = 0;
		};
/* End PBXFrameworksBuildPhase section */

/* Begin PBXGroup section */
		7A0C0DC223F1E83600DE0B7D /* lucus-core */ = {
			isa = PBXGroup;
			children = (
				7A324B94240137C4000C49DB /* modules.h */,
				7A0C0DDC23F338BC00DE0B7D /* host.h */,
				7A0C0DDB23F338BC00DE0B7D /* host.cpp */,
				7A0C0DC323F1E83600DE0B7D /* LucusCore.h */,
				7A0C0DC423F1E83600DE0B7D /* LucusCore.cpp */,
				7A0C0DC523F1E83600DE0B7D /* LucusSingleton.h */,
				7A0C0DEA23F4815200DE0B7D /* LucusTypes.h */,
				7A324B7C23FFA976000C49DB /* LucusFileSystem.h */,
				7A324B7B23FFA976000C49DB /* LucusFileSystem.cpp */,
			);
			name = "lucus-core";
			path = "../../src/lucus-core";
			sourceTree = "<group>";
		};
		7A0C0DC823F1E84200DE0B7D /* lucus-render */ = {
			isa = PBXGroup;
			children = (
				7A0C0DCD23F1EBFD00DE0B7D /* Metal */,
				7A324B7723FBBCE9000C49DB /* LucusRenderWindow.cpp */,
				7A324B7623FBBCE9000C49DB /* LucusRenderWindow.h */,
				7A0C0DC923F1E84200DE0B7D /* LucusRenderSystem.h */,
				7A0C0DCA23F1E84200DE0B7D /* LucusRenderSystem.cpp */,
				7A324B7A23FBC07A000C49DB /* LucusShaderTypes.h */,
			);
			name = "lucus-render";
			path = "../../src/lucus-render";
			sourceTree = "<group>";
		};
		7A0C0DCD23F1EBFD00DE0B7D /* Metal */ = {
			isa = PBXGroup;
			children = (
				7A0C0DDE23F3CA8700DE0B7D /* Windowing */,
				7A324B6A23FBBCDA000C49DB /* LucusMetalDevice.h */,
				7A324B6C23FBBCDA000C49DB /* LucusMetalDevice.mm */,
				7A324B6E23FBBCDA000C49DB /* LucusMetalRenderSystem.h */,
				7A324B6B23FBBCDA000C49DB /* LucusMetalRenderSystem.mm */,
				7A324B6D23FBBCDA000C49DB /* LucusMetalWindow.h */,
				7A324B6F23FBBCDA000C49DB /* LucusMetalWindow.mm */,
			);
			path = Metal;
			sourceTree = "<group>";
		};
		7A0C0DDE23F3CA8700DE0B7D /* Windowing */ = {
			isa = PBXGroup;
			children = (
				7A0C0DDF23F3CAAF00DE0B7D /* LucusMetalView.h */,
				7A0C0DE023F3CAAF00DE0B7D /* LucusMetalView.mm */,
			);
			path = Windowing;
			sourceTree = "<group>";
		};
		7A324B5D23F5D71A000C49DB /* lucus-sim */ = {
			isa = PBXGroup;
			children = (
				7A324B6623F5DD84000C49DB /* LucusMath.h */,
				7A324B8424012D25000C49DB /* LucusMeshFormat.h */,
				7A324B8324012D25000C49DB /* LucusMeshFormat.cpp */,
				7A324B8824012D3C000C49DB /* LucusMeshFormatManager.h */,
				7A324B8724012D3C000C49DB /* LucusMeshFormatManager.cpp */,
				7A324B9124013575000C49DB /* LucusMesh.h */,
				7A324B9024013575000C49DB /* LucusMesh.cpp */,
				7AA498D324027673009C1ED7 /* LucusUtils.h */,
			);
			name = "lucus-sim";
			path = "../../src/lucus-sim";
			sourceTree = "<group>";
		};
		7A324B6023F5DAA9000C49DB /* lucus-shaders */ = {
			isa = PBXGroup;
			children = (
				7A324B6123F5DAA9000C49DB /* Metal */,
			);
			name = "lucus-shaders";
			path = "../../src/lucus-shaders";
			sourceTree = "<group>";
		};
		7A324B6123F5DAA9000C49DB /* Metal */ = {
			isa = PBXGroup;
			children = (
				7A324B6223F5DAC1000C49DB /* DefaultShader.metal */,
			);
			path = Metal;
			sourceTree = "<group>";
		};
		7A324B8B240134F1000C49DB /* lucus-mesh-fbx */ = {
			isa = PBXGroup;
			children = (
				7A324B8D24013515000C49DB /* LucusMeshFormatFBX.h */,
				7A324B8C24013515000C49DB /* LucusMeshFormatFBX.cpp */,
			);
			name = "lucus-mesh-fbx";
			path = "../../src/lucus-mesh-fbx";
			sourceTree = "<group>";
		};
		7A83AE8523E6C3DE002E161C = {
			isa = PBXGroup;
			children = (
				7AA498D424027C38009C1ED7 /* Resources */,
				7A0C0DC223F1E83600DE0B7D /* lucus-core */,
				7A0C0DC823F1E84200DE0B7D /* lucus-render */,
				7A324B6023F5DAA9000C49DB /* lucus-shaders */,
				7A324B5D23F5D71A000C49DB /* lucus-sim */,
				7A324B8B240134F1000C49DB /* lucus-mesh-fbx */,
				7ADF914223E6D3080094C83D /* Application */,
				7ADF910F23E6CA810094C83D /* Products */,
				7ADF914323E6D36A0094C83D /* Frameworks */,
			);
			sourceTree = "<group>";
		};
		7AA498D424027C38009C1ED7 /* Resources */ = {
			isa = PBXGroup;
			children = (
				7AA498D824027E1E009C1ED7 /* meshes */,
			);
			name = Resources;
			sourceTree = "<group>";
		};
		7ADF910F23E6CA810094C83D /* Products */ = {
			isa = PBXGroup;
			children = (
				7ADF910E23E6CA810094C83D /* LucusGame.app */,
				7ADF912423E6CA810094C83D /* LucusGame.app */,
			);
			name = Products;
			sourceTree = "<group>";
		};
		7ADF911023E6CA810094C83D /* iOS */ = {
			isa = PBXGroup;
			children = (
				7ADF911D23E6CA810094C83D /* Info.plist */,
			);
			path = iOS;
			sourceTree = "<group>";
		};
		7ADF912523E6CA810094C83D /* macOS */ = {
			isa = PBXGroup;
			children = (
				7ADF912F23E6CA810094C83D /* Info.plist */,
			);
			path = macOS;
			sourceTree = "<group>";
		};
		7ADF914223E6D3080094C83D /* Application */ = {
			isa = PBXGroup;
			children = (
				7ADF913F23E6D07A0094C83D /* main.mm */,
				7A324B5923F5CEF8000C49DB /* AppDelegate.h */,
				7A324B5A23F5CEF8000C49DB /* AppDelegate.mm */,
				7ADF911023E6CA810094C83D /* iOS */,
				7ADF912523E6CA810094C83D /* macOS */,
			);
			path = Application;
			sourceTree = "<group>";
		};
		7ADF914323E6D36A0094C83D /* Frameworks */ = {
			isa = PBXGroup;
			children = (
				7AA498D0240249C0009C1ED7 /* libfbxsdk.a */,
				7ADF915223E704E00094C83D /* MetalKit.framework */,
				7ADF915023E704DA0094C83D /* Metal.framework */,
				7ADF914E23E704D10094C83D /* MetalKit.framework */,
				7ADF914C23E704CB0094C83D /* Metal.framework */,
				7ADF914623E6D3B80094C83D /* UIKit.framework */,
				7ADF914423E6D36B0094C83D /* Cocoa.framework */,
			);
			name = Frameworks;
			sourceTree = "<group>";
		};
/* End PBXGroup section */

/* Begin PBXNativeTarget section */
		7ADF910D23E6CA810094C83D /* LucusGame iOS */ = {
			isa = PBXNativeTarget;
			buildConfigurationList = 7ADF913C23E6CA810094C83D /* Build configuration list for PBXNativeTarget "LucusGame iOS" */;
			buildPhases = (
				7ADF910A23E6CA810094C83D /* Sources */,
				7ADF910B23E6CA810094C83D /* Frameworks */,
				7ADF910C23E6CA810094C83D /* Resources */,
			);
			buildRules = (
			);
			dependencies = (
			);
			name = "LucusGame iOS";
			productName = "LucusGame iOS";
			productReference = 7ADF910E23E6CA810094C83D /* LucusGame.app */;
			productType = "com.apple.product-type.application";
		};
		7ADF912323E6CA810094C83D /* LucusGame macOS */ = {
			isa = PBXNativeTarget;
			buildConfigurationList = 7ADF913D23E6CA810094C83D /* Build configuration list for PBXNativeTarget "LucusGame macOS" */;
			buildPhases = (
				7ADF912023E6CA810094C83D /* Sources */,
				7ADF912123E6CA810094C83D /* Frameworks */,
				7ADF912223E6CA810094C83D /* Resources */,
			);
			buildRules = (
			);
			dependencies = (
			);
			name = "LucusGame macOS";
			productName = "LucusGame macOS";
			productReference = 7ADF912423E6CA810094C83D /* LucusGame.app */;
			productType = "com.apple.product-type.application";
		};
/* End PBXNativeTarget section */

/* Begin PBXProject section */
		7A83AE8623E6C3DE002E161C /* Project object */ = {
			isa = PBXProject;
			attributes = {
				LastUpgradeCheck = 1130;
				TargetAttributes = {
					7ADF910D23E6CA810094C83D = {
						CreatedOnToolsVersion = 11.3;
					};
					7ADF912323E6CA810094C83D = {
						CreatedOnToolsVersion = 11.3;
					};
				};
			};
			buildConfigurationList = 7A83AE8923E6C3DE002E161C /* Build configuration list for PBXProject "LucusGame" */;
			compatibilityVersion = "Xcode 9.3";
			developmentRegion = en;
			hasScannedForEncodings = 0;
			knownRegions = (
				en,
				Base,
			);
			mainGroup = 7A83AE8523E6C3DE002E161C;
			productRefGroup = 7ADF910F23E6CA810094C83D /* Products */;
			projectDirPath = "";
			projectRoot = "";
			targets = (
				7ADF910D23E6CA810094C83D /* LucusGame iOS */,
				7ADF912323E6CA810094C83D /* LucusGame macOS */,
			);
		};
/* End PBXProject section */

/* Begin PBXResourcesBuildPhase section */
		7ADF910C23E6CA810094C83D /* Resources */ = {
			isa = PBXResourcesBuildPhase;
			buildActionMask = 2147483647;
			files = (
				7AA498D924027E1E009C1ED7 /* meshes in Resources */,
			);
			runOnlyForDeploymentPostprocessing = 0;
		};
		7ADF912223E6CA810094C83D /* Resources */ = {
			isa = PBXResourcesBuildPhase;
			buildActionMask = 2147483647;
			files = (
				7AA498DA24027E1E009C1ED7 /* meshes in Resources */,
			);
			runOnlyForDeploymentPostprocessing = 0;
		};
/* End PBXResourcesBuildPhase section */

/* Begin PBXSourcesBuildPhase section */
		7ADF910A23E6CA810094C83D /* Sources */ = {
			isa = PBXSourcesBuildPhase;
			buildActionMask = 2147483647;
			files = (
				7A324B5B23F5CEF8000C49DB /* AppDelegate.mm in Sources */,
				7A0C0DCB23F1E84200DE0B7D /* LucusRenderSystem.cpp in Sources */,
				7ADF914023E6D07A0094C83D /* main.mm in Sources */,
				7A324B6323F5DAC1000C49DB /* DefaultShader.metal in Sources */,
				7A324B7423FBBCDA000C49DB /* LucusMetalWindow.mm in Sources */,
				7A324B8524012D26000C49DB /* LucusMeshFormat.cpp in Sources */,
				7A324B7D23FFA976000C49DB /* LucusFileSystem.cpp in Sources */,
				7A324B9224013575000C49DB /* LucusMesh.cpp in Sources */,
				7A324B6823F5DEFD000C49DB /* host.cpp in Sources */,
				7A324B8924012D3C000C49DB /* LucusMeshFormatManager.cpp in Sources */,
				7A324B7023FBBCDA000C49DB /* LucusMetalRenderSystem.mm in Sources */,
				7A324B8E24013515000C49DB /* LucusMeshFormatFBX.cpp in Sources */,
				7A0C0DC623F1E83600DE0B7D /* LucusCore.cpp in Sources */,
				7A0C0DE223F3CAB500DE0B7D /* LucusMetalView.mm in Sources */,
				7A324B7823FBBCEA000C49DB /* LucusRenderWindow.cpp in Sources */,
				7A324B7223FBBCDA000C49DB /* LucusMetalDevice.mm in Sources */,
			);
			runOnlyForDeploymentPostprocessing = 0;
		};
		7ADF912023E6CA810094C83D /* Sources */ = {
			isa = PBXSourcesBuildPhase;
			buildActionMask = 2147483647;
			files = (
				7A0C0DCC23F1E84200DE0B7D /* LucusRenderSystem.cpp in Sources */,
				7A324B6423F5DAC1000C49DB /* DefaultShader.metal in Sources */,
				7A0C0DDD23F338BC00DE0B7D /* host.cpp in Sources */,
				7A0C0DE123F3CAAF00DE0B7D /* LucusMetalView.mm in Sources */,
				7A324B7523FBBCDA000C49DB /* LucusMetalWindow.mm in Sources */,
				7A324B8624012D26000C49DB /* LucusMeshFormat.cpp in Sources */,
				7A324B7E23FFA976000C49DB /* LucusFileSystem.cpp in Sources */,
				7A324B9324013575000C49DB /* LucusMesh.cpp in Sources */,
				7ADF914123E6D07A0094C83D /* main.mm in Sources */,
				7A324B8A24012D3C000C49DB /* LucusMeshFormatManager.cpp in Sources */,
				7A324B7123FBBCDA000C49DB /* LucusMetalRenderSystem.mm in Sources */,
				7A324B8F24013515000C49DB /* LucusMeshFormatFBX.cpp in Sources */,
				7A324B5C23F5CEF8000C49DB /* AppDelegate.mm in Sources */,
				7A0C0DC723F1E83600DE0B7D /* LucusCore.cpp in Sources */,
				7A324B7923FBBCEA000C49DB /* LucusRenderWindow.cpp in Sources */,
				7A324B7323FBBCDA000C49DB /* LucusMetalDevice.mm in Sources */,
			);
			runOnlyForDeploymentPostprocessing = 0;
		};
/* End PBXSourcesBuildPhase section */

/* Begin XCBuildConfiguration section */
		7A83AE8A23E6C3DE002E161C /* Debug */ = {
			isa = XCBuildConfiguration;
			buildSettings = {
				GCC_PREPROCESSOR_DEFINITIONS = TARGET_METAL;
				HEADER_SEARCH_PATHS = "$PROJECT_DIR/../../3rdparty/fbx-sdk-osx/include";
				MTL_HEADER_SEARCH_PATHS = "$PROJECT_DIR/../../src/lucus-render $PROJECT_DIR/../../src/lucus-sim";
				MTL_PREPROCESSOR_DEFINITIONS = TARGET_METAL;
				OTHER_CPLUSPLUSFLAGS = "$(OTHER_CFLAGS)";
			};
			name = Debug;
		};
		7A83AE8B23E6C3DE002E161C /* Release */ = {
			isa = XCBuildConfiguration;
			buildSettings = {
				GCC_PREPROCESSOR_DEFINITIONS = TARGET_METAL;
				HEADER_SEARCH_PATHS = "$PROJECT_DIR/../../3rdparty/fbx-sdk-osx/include";
				MTL_HEADER_SEARCH_PATHS = "$PROJECT_DIR/../../src/lucus-render $PROJECT_DIR/../../src/lucus-sim";
				MTL_PREPROCESSOR_DEFINITIONS = TARGET_METAL;
				OTHER_CPLUSPLUSFLAGS = "$(OTHER_CFLAGS)";
			};
			name = Release;
		};
		7ADF913823E6CA810094C83D /* Debug */ = {
			isa = XCBuildConfiguration;
			buildSettings = {
				ALWAYS_SEARCH_USER_PATHS = NO;
				CLANG_ANALYZER_NONNULL = YES;
				CLANG_ANALYZER_NUMBER_OBJECT_CONVERSION = YES_AGGRESSIVE;
				CLANG_CXX_LANGUAGE_STANDARD = "gnu++14";
				CLANG_CXX_LIBRARY = "libc++";
				CLANG_ENABLE_MODULES = YES;
				CLANG_ENABLE_OBJC_ARC = YES;
				CLANG_ENABLE_OBJC_WEAK = YES;
				CLANG_WARN_BLOCK_CAPTURE_AUTORELEASING = YES;
				CLANG_WARN_BOOL_CONVERSION = YES;
				CLANG_WARN_COMMA = YES;
				CLANG_WARN_CONSTANT_CONVERSION = YES;
				CLANG_WARN_DEPRECATED_OBJC_IMPLEMENTATIONS = YES;
				CLANG_WARN_DIRECT_OBJC_ISA_USAGE = YES_ERROR;
				CLANG_WARN_DOCUMENTATION_COMMENTS = NO;
				CLANG_WARN_EMPTY_BODY = YES;
				CLANG_WARN_ENUM_CONVERSION = YES;
				CLANG_WARN_INFINITE_RECURSION = YES;
				CLANG_WARN_INT_CONVERSION = YES;
				CLANG_WARN_NON_LITERAL_NULL_CONVERSION = YES;
				CLANG_WARN_OBJC_IMPLICIT_RETAIN_SELF = YES;
				CLANG_WARN_OBJC_LITERAL_CONVERSION = YES;
				CLANG_WARN_OBJC_ROOT_CLASS = YES_ERROR;
				CLANG_WARN_RANGE_LOOP_ANALYSIS = YES;
				CLANG_WARN_STRICT_PROTOTYPES = YES;
				CLANG_WARN_SUSPICIOUS_MOVE = YES;
				CLANG_WARN_UNGUARDED_AVAILABILITY = YES_AGGRESSIVE;
				CLANG_WARN_UNREACHABLE_CODE = YES;
				CLANG_WARN__DUPLICATE_METHOD_MATCH = YES;
				CODE_SIGN_STYLE = Automatic;
				COPY_PHASE_STRIP = NO;
				DEBUG_INFORMATION_FORMAT = dwarf;
				DEVELOPMENT_TEAM = C7KPBPZ9WD;
				ENABLE_STRICT_OBJC_MSGSEND = YES;
				ENABLE_TESTABILITY = YES;
				GCC_C_LANGUAGE_STANDARD = gnu11;
				GCC_DYNAMIC_NO_PIC = NO;
				GCC_NO_COMMON_BLOCKS = YES;
				GCC_OPTIMIZATION_LEVEL = 0;
				GCC_PREPROCESSOR_DEFINITIONS = (
					TARGET_IOS,
					"DEBUG=1",
					"$(inherited)",
				);
				GCC_WARN_64_TO_32_BIT_CONVERSION = YES;
				GCC_WARN_ABOUT_RETURN_TYPE = YES_ERROR;
				GCC_WARN_UNDECLARED_SELECTOR = YES;
				GCC_WARN_UNINITIALIZED_AUTOS = YES_AGGRESSIVE;
				GCC_WARN_UNUSED_FUNCTION = YES;
				GCC_WARN_UNUSED_VARIABLE = YES;
				HEADER_SEARCH_PATHS = $inherited;
				INFOPLIST_FILE = Application/iOS/Info.plist;
				IPHONEOS_DEPLOYMENT_TARGET = 13.2;
				LD_RUNPATH_SEARCH_PATHS = (
					"$(inherited)",
					"@executable_path/Frameworks",
				);
				LIBRARY_SEARCH_PATHS = "$PROJECT_DIR/../../3rdparty/fbx-sdk-osx/lib/ios/debug";
				MTL_ENABLE_DEBUG_INFO = INCLUDE_SOURCE;
				MTL_FAST_MATH = YES;
				MTL_HEADER_SEARCH_PATHS = $inherited;
				ONLY_ACTIVE_ARCH = YES;
				PRODUCT_BUNDLE_IDENTIFIER = org.razielsun.LucusGame;
				PRODUCT_NAME = LucusGame;
				SDKROOT = iphoneos;
				TARGETED_DEVICE_FAMILY = "1,2";
				VALID_ARCHS = "arm64 arm64e";
			};
			name = Debug;
		};
		7ADF913923E6CA810094C83D /* Release */ = {
			isa = XCBuildConfiguration;
			buildSettings = {
				ALWAYS_SEARCH_USER_PATHS = NO;
				CLANG_ANALYZER_NONNULL = YES;
				CLANG_ANALYZER_NUMBER_OBJECT_CONVERSION = YES_AGGRESSIVE;
				CLANG_CXX_LANGUAGE_STANDARD = "gnu++14";
				CLANG_CXX_LIBRARY = "libc++";
				CLANG_ENABLE_MODULES = YES;
				CLANG_ENABLE_OBJC_ARC = YES;
				CLANG_ENABLE_OBJC_WEAK = YES;
				CLANG_WARN_BLOCK_CAPTURE_AUTORELEASING = YES;
				CLANG_WARN_BOOL_CONVERSION = YES;
				CLANG_WARN_COMMA = YES;
				CLANG_WARN_CONSTANT_CONVERSION = YES;
				CLANG_WARN_DEPRECATED_OBJC_IMPLEMENTATIONS = YES;
				CLANG_WARN_DIRECT_OBJC_ISA_USAGE = YES_ERROR;
				CLANG_WARN_DOCUMENTATION_COMMENTS = NO;
				CLANG_WARN_EMPTY_BODY = YES;
				CLANG_WARN_ENUM_CONVERSION = YES;
				CLANG_WARN_INFINITE_RECURSION = YES;
				CLANG_WARN_INT_CONVERSION = YES;
				CLANG_WARN_NON_LITERAL_NULL_CONVERSION = YES;
				CLANG_WARN_OBJC_IMPLICIT_RETAIN_SELF = YES;
				CLANG_WARN_OBJC_LITERAL_CONVERSION = YES;
				CLANG_WARN_OBJC_ROOT_CLASS = YES_ERROR;
				CLANG_WARN_RANGE_LOOP_ANALYSIS = YES;
				CLANG_WARN_STRICT_PROTOTYPES = YES;
				CLANG_WARN_SUSPICIOUS_MOVE = YES;
				CLANG_WARN_UNGUARDED_AVAILABILITY = YES_AGGRESSIVE;
				CLANG_WARN_UNREACHABLE_CODE = YES;
				CLANG_WARN__DUPLICATE_METHOD_MATCH = YES;
				CODE_SIGN_STYLE = Automatic;
				COPY_PHASE_STRIP = NO;
				DEBUG_INFORMATION_FORMAT = "dwarf-with-dsym";
				DEVELOPMENT_TEAM = C7KPBPZ9WD;
				ENABLE_NS_ASSERTIONS = NO;
				ENABLE_STRICT_OBJC_MSGSEND = YES;
				GCC_C_LANGUAGE_STANDARD = gnu11;
				GCC_NO_COMMON_BLOCKS = YES;
				GCC_PREPROCESSOR_DEFINITIONS = (
					TARGET_IOS,
					"$(inherited)",
				);
				GCC_WARN_64_TO_32_BIT_CONVERSION = YES;
				GCC_WARN_ABOUT_RETURN_TYPE = YES_ERROR;
				GCC_WARN_UNDECLARED_SELECTOR = YES;
				GCC_WARN_UNINITIALIZED_AUTOS = YES_AGGRESSIVE;
				GCC_WARN_UNUSED_FUNCTION = YES;
				GCC_WARN_UNUSED_VARIABLE = YES;
				HEADER_SEARCH_PATHS = $inherited;
				INFOPLIST_FILE = Application/iOS/Info.plist;
				IPHONEOS_DEPLOYMENT_TARGET = 13.2;
				LD_RUNPATH_SEARCH_PATHS = (
					"$(inherited)",
					"@executable_path/Frameworks",
				);
				LIBRARY_SEARCH_PATHS = "$PROJECT_DIR/../../3rdparty/fbx-sdk-osx/lib/ios/release";
				MTL_ENABLE_DEBUG_INFO = NO;
				MTL_FAST_MATH = YES;
				MTL_HEADER_SEARCH_PATHS = $inherited;
				PRODUCT_BUNDLE_IDENTIFIER = org.razielsun.LucusGame;
				PRODUCT_NAME = LucusGame;
				SDKROOT = iphoneos;
				TARGETED_DEVICE_FAMILY = "1,2";
				VALIDATE_PRODUCT = YES;
				VALID_ARCHS = "arm64 arm64e";
			};
			name = Release;
		};
		7ADF913A23E6CA810094C83D /* Debug */ = {
			isa = XCBuildConfiguration;
			buildSettings = {
				ALWAYS_SEARCH_USER_PATHS = NO;
				CLANG_ANALYZER_NONNULL = YES;
				CLANG_ANALYZER_NUMBER_OBJECT_CONVERSION = YES_AGGRESSIVE;
				CLANG_CXX_LANGUAGE_STANDARD = "gnu++14";
				CLANG_CXX_LIBRARY = "libc++";
				CLANG_ENABLE_MODULES = YES;
				CLANG_ENABLE_OBJC_ARC = YES;
				CLANG_ENABLE_OBJC_WEAK = YES;
				CLANG_WARN_BLOCK_CAPTURE_AUTORELEASING = YES;
				CLANG_WARN_BOOL_CONVERSION = YES;
				CLANG_WARN_COMMA = YES;
				CLANG_WARN_CONSTANT_CONVERSION = YES;
				CLANG_WARN_DEPRECATED_OBJC_IMPLEMENTATIONS = YES;
				CLANG_WARN_DIRECT_OBJC_ISA_USAGE = YES_ERROR;
				CLANG_WARN_DOCUMENTATION_COMMENTS = NO;
				CLANG_WARN_EMPTY_BODY = YES;
				CLANG_WARN_ENUM_CONVERSION = YES;
				CLANG_WARN_INFINITE_RECURSION = YES;
				CLANG_WARN_INT_CONVERSION = YES;
				CLANG_WARN_NON_LITERAL_NULL_CONVERSION = YES;
				CLANG_WARN_OBJC_IMPLICIT_RETAIN_SELF = YES;
				CLANG_WARN_OBJC_LITERAL_CONVERSION = YES;
				CLANG_WARN_OBJC_ROOT_CLASS = YES_ERROR;
				CLANG_WARN_RANGE_LOOP_ANALYSIS = YES;
				CLANG_WARN_STRICT_PROTOTYPES = YES;
				CLANG_WARN_SUSPICIOUS_MOVE = YES;
				CLANG_WARN_UNGUARDED_AVAILABILITY = YES_AGGRESSIVE;
				CLANG_WARN_UNREACHABLE_CODE = YES;
				CLANG_WARN__DUPLICATE_METHOD_MATCH = YES;
				CODE_SIGN_IDENTITY = "-";
				CODE_SIGN_STYLE = Automatic;
				COMBINE_HIDPI_IMAGES = YES;
				COPY_PHASE_STRIP = NO;
				DEBUG_INFORMATION_FORMAT = dwarf;
				DEVELOPMENT_TEAM = C7KPBPZ9WD;
				ENABLE_HARDENED_RUNTIME = YES;
				ENABLE_STRICT_OBJC_MSGSEND = YES;
				ENABLE_TESTABILITY = YES;
				GCC_C_LANGUAGE_STANDARD = gnu11;
				GCC_DYNAMIC_NO_PIC = NO;
				GCC_NO_COMMON_BLOCKS = YES;
				GCC_OPTIMIZATION_LEVEL = 0;
				GCC_PREPROCESSOR_DEFINITIONS = (
					TARGET_OSX,
					"DEBUG=1",
					"$(inherited)",
				);
				GCC_WARN_64_TO_32_BIT_CONVERSION = YES;
				GCC_WARN_ABOUT_RETURN_TYPE = YES_ERROR;
				GCC_WARN_UNDECLARED_SELECTOR = YES;
				GCC_WARN_UNINITIALIZED_AUTOS = YES_AGGRESSIVE;
				GCC_WARN_UNUSED_FUNCTION = YES;
				GCC_WARN_UNUSED_VARIABLE = YES;
				HEADER_SEARCH_PATHS = $inherited;
				INFOPLIST_FILE = Application/macOS/Info.plist;
				LD_RUNPATH_SEARCH_PATHS = (
					"$(inherited)",
					"@executable_path/../Frameworks",
				);
				LIBRARY_SEARCH_PATHS = "$PROJECT_DIR/../../3rdparty/fbx-sdk-osx/lib/clang/debug";
				MACOSX_DEPLOYMENT_TARGET = 10.14;
				MTL_ENABLE_DEBUG_INFO = INCLUDE_SOURCE;
				MTL_FAST_MATH = YES;
				MTL_HEADER_SEARCH_PATHS = $inherited;
				ONLY_ACTIVE_ARCH = YES;
				PRODUCT_BUNDLE_IDENTIFIER = org.razielsun.LucusGame;
				PRODUCT_NAME = LucusGame;
				SDKROOT = macosx;
			};
			name = Debug;
		};
		7ADF913B23E6CA810094C83D /* Release */ = {
			isa = XCBuildConfiguration;
			buildSettings = {
				ALWAYS_SEARCH_USER_PATHS = NO;
				CLANG_ANALYZER_NONNULL = YES;
				CLANG_ANALYZER_NUMBER_OBJECT_CONVERSION = YES_AGGRESSIVE;
				CLANG_CXX_LANGUAGE_STANDARD = "gnu++14";
				CLANG_CXX_LIBRARY = "libc++";
				CLANG_ENABLE_MODULES = YES;
				CLANG_ENABLE_OBJC_ARC = YES;
				CLANG_ENABLE_OBJC_WEAK = YES;
				CLANG_WARN_BLOCK_CAPTURE_AUTORELEASING = YES;
				CLANG_WARN_BOOL_CONVERSION = YES;
				CLANG_WARN_COMMA = YES;
				CLANG_WARN_CONSTANT_CONVERSION = YES;
				CLANG_WARN_DEPRECATED_OBJC_IMPLEMENTATIONS = YES;
				CLANG_WARN_DIRECT_OBJC_ISA_USAGE = YES_ERROR;
				CLANG_WARN_DOCUMENTATION_COMMENTS = NO;
				CLANG_WARN_EMPTY_BODY = YES;
				CLANG_WARN_ENUM_CONVERSION = YES;
				CLANG_WARN_INFINITE_RECURSION = YES;
				CLANG_WARN_INT_CONVERSION = YES;
				CLANG_WARN_NON_LITERAL_NULL_CONVERSION = YES;
				CLANG_WARN_OBJC_IMPLICIT_RETAIN_SELF = YES;
				CLANG_WARN_OBJC_LITERAL_CONVERSION = YES;
				CLANG_WARN_OBJC_ROOT_CLASS = YES_ERROR;
				CLANG_WARN_RANGE_LOOP_ANALYSIS = YES;
				CLANG_WARN_STRICT_PROTOTYPES = YES;
				CLANG_WARN_SUSPICIOUS_MOVE = YES;
				CLANG_WARN_UNGUARDED_AVAILABILITY = YES_AGGRESSIVE;
				CLANG_WARN_UNREACHABLE_CODE = YES;
				CLANG_WARN__DUPLICATE_METHOD_MATCH = YES;
				CODE_SIGN_IDENTITY = "-";
				CODE_SIGN_STYLE = Automatic;
				COMBINE_HIDPI_IMAGES = YES;
				COPY_PHASE_STRIP = NO;
				DEBUG_INFORMATION_FORMAT = "dwarf-with-dsym";
				DEVELOPMENT_TEAM = C7KPBPZ9WD;
				ENABLE_HARDENED_RUNTIME = YES;
				ENABLE_NS_ASSERTIONS = NO;
				ENABLE_STRICT_OBJC_MSGSEND = YES;
				GCC_C_LANGUAGE_STANDARD = gnu11;
				GCC_NO_COMMON_BLOCKS = YES;
				GCC_PREPROCESSOR_DEFINITIONS = (
					TARGET_OSX,
					"$(inherited)",
				);
				GCC_WARN_64_TO_32_BIT_CONVERSION = YES;
				GCC_WARN_ABOUT_RETURN_TYPE = YES_ERROR;
				GCC_WARN_UNDECLARED_SELECTOR = YES;
				GCC_WARN_UNINITIALIZED_AUTOS = YES_AGGRESSIVE;
				GCC_WARN_UNUSED_FUNCTION = YES;
				GCC_WARN_UNUSED_VARIABLE = YES;
				HEADER_SEARCH_PATHS = $inherited;
				INFOPLIST_FILE = Application/macOS/Info.plist;
				LD_RUNPATH_SEARCH_PATHS = (
					"$(inherited)",
					"@executable_path/../Frameworks",
				);
				LIBRARY_SEARCH_PATHS = "$PROJECT_DIR/../../3rdparty/fbx-sdk-osx/lib/clang/release";
				MACOSX_DEPLOYMENT_TARGET = 10.14;
				MTL_ENABLE_DEBUG_INFO = NO;
				MTL_FAST_MATH = YES;
				MTL_HEADER_SEARCH_PATHS = $inherited;
				PRODUCT_BUNDLE_IDENTIFIER = org.razielsun.LucusGame;
				PRODUCT_NAME = LucusGame;
				SDKROOT = macosx;
			};
			name = Release;
		};
/* End XCBuildConfiguration section */

/* Begin XCConfigurationList section */
		7A83AE8923E6C3DE002E161C /* Build configuration list for PBXProject "LucusGame" */ = {
			isa = XCConfigurationList;
			buildConfigurations = (
				7A83AE8A23E6C3DE002E161C /* Debug */,
				7A83AE8B23E6C3DE002E161C /* Release */,
			);
			defaultConfigurationIsVisible = 0;
			defaultConfigurationName = Release;
		};
		7ADF913C23E6CA810094C83D /* Build configuration list for PBXNativeTarget "LucusGame iOS" */ = {
			isa = XCConfigurationList;
			buildConfigurations = (
				7ADF913823E6CA810094C83D /* Debug */,
				7ADF913923E6CA810094C83D /* Release */,
			);
			defaultConfigurationIsVisible = 0;
			defaultConfigurationName = Release;
		};
		7ADF913D23E6CA810094C83D /* Build configuration list for PBXNativeTarget "LucusGame macOS" */ = {
			isa = XCConfigurationList;
			buildConfigurations = (
				7ADF913A23E6CA810094C83D /* Debug */,
				7ADF913B23E6CA810094C83D /* Release */,
			);
			defaultConfigurationIsVisible = 0;
			defaultConfigurationName = Release;
		};
/* End XCConfigurationList section */
	};
	rootObject = 7A83AE8623E6C3DE002E161C /* Project object */;
}
