// !$*UTF8*$!
{
	archiveVersion = 1;
	classes = {
	};
	objectVersion = 50;
	objects = {

/* Begin PBXBuildFile section */
		7A0C0DC623F1E83600DE0B7D /* LucusCore.cpp in Sources */ = {isa = PBXBuildFile; fileRef = 7A0C0DC423F1E83600DE0B7D /* LucusCore.cpp */; };
		7A0C0DC723F1E83600DE0B7D /* LucusCore.cpp in Sources */ = {isa = PBXBuildFile; fileRef = 7A0C0DC423F1E83600DE0B7D /* LucusCore.cpp */; };
		7A0C0DCB23F1E84200DE0B7D /* LucusRenderSystem.cpp in Sources */ = {isa = PBXBuildFile; fileRef = 7A0C0DCA23F1E84200DE0B7D /* LucusRenderSystem.cpp */; };
		7A0C0DCC23F1E84200DE0B7D /* LucusRenderSystem.cpp in Sources */ = {isa = PBXBuildFile; fileRef = 7A0C0DCA23F1E84200DE0B7D /* LucusRenderSystem.cpp */; };
		7A0C0DDD23F338BC00DE0B7D /* host.cpp in Sources */ = {isa = PBXBuildFile; fileRef = 7A0C0DDB23F338BC00DE0B7D /* host.cpp */; };
		7A0C0DE123F3CAAF00DE0B7D /* LucusMetalView.mm in Sources */ = {isa = PBXBuildFile; fileRef = 7A0C0DE023F3CAAF00DE0B7D /* LucusMetalView.mm */; };
		7A0C0DE223F3CAB500DE0B7D /* LucusMetalView.mm in Sources */ = {isa = PBXBuildFile; fileRef = 7A0C0DE023F3CAAF00DE0B7D /* LucusMetalView.mm */; };
		7A324B5B23F5CEF8000C49DB /* AppDelegate.mm in Sources */ = {isa = PBXBuildFile; fileRef = 7A324B5A23F5CEF8000C49DB /* AppDelegate.mm */; };
		7A324B5C23F5CEF8000C49DB /* AppDelegate.mm in Sources */ = {isa = PBXBuildFile; fileRef = 7A324B5A23F5CEF8000C49DB /* AppDelegate.mm */; };
		7A324B6823F5DEFD000C49DB /* host.cpp in Sources */ = {isa = PBXBuildFile; fileRef = 7A0C0DDB23F338BC00DE0B7D /* host.cpp */; };
		7A324B7023FBBCDA000C49DB /* LucusMetalRenderSystem.mm in Sources */ = {isa = PBXBuildFile; fileRef = 7A324B6B23FBBCDA000C49DB /* LucusMetalRenderSystem.mm */; };
		7A324B7123FBBCDA000C49DB /* LucusMetalRenderSystem.mm in Sources */ = {isa = PBXBuildFile; fileRef = 7A324B6B23FBBCDA000C49DB /* LucusMetalRenderSystem.mm */; };
		7A324B7223FBBCDA000C49DB /* LucusMetalDevice.mm in Sources */ = {isa = PBXBuildFile; fileRef = 7A324B6C23FBBCDA000C49DB /* LucusMetalDevice.mm */; };
		7A324B7323FBBCDA000C49DB /* LucusMetalDevice.mm in Sources */ = {isa = PBXBuildFile; fileRef = 7A324B6C23FBBCDA000C49DB /* LucusMetalDevice.mm */; };
		7A324B7423FBBCDA000C49DB /* LucusMetalWindow.mm in Sources */ = {isa = PBXBuildFile; fileRef = 7A324B6F23FBBCDA000C49DB /* LucusMetalWindow.mm */; };
		7A324B7523FBBCDA000C49DB /* LucusMetalWindow.mm in Sources */ = {isa = PBXBuildFile; fileRef = 7A324B6F23FBBCDA000C49DB /* LucusMetalWindow.mm */; };
		7A324B7823FBBCEA000C49DB /* LucusRenderWindow.cpp in Sources */ = {isa = PBXBuildFile; fileRef = 7A324B7723FBBCE9000C49DB /* LucusRenderWindow.cpp */; };
		7A324B7923FBBCEA000C49DB /* LucusRenderWindow.cpp in Sources */ = {isa = PBXBuildFile; fileRef = 7A324B7723FBBCE9000C49DB /* LucusRenderWindow.cpp */; };
		7A324B7D23FFA976000C49DB /* LucusFileSystem.cpp in Sources */ = {isa = PBXBuildFile; fileRef = 7A324B7B23FFA976000C49DB /* LucusFileSystem.cpp */; };
		7A324B7E23FFA976000C49DB /* LucusFileSystem.cpp in Sources */ = {isa = PBXBuildFile; fileRef = 7A324B7B23FFA976000C49DB /* LucusFileSystem.cpp */; };
		7A324B8E24013515000C49DB /* LucusMeshFormatFBX.cpp in Sources */ = {isa = PBXBuildFile; fileRef = 7A324B8C24013515000C49DB /* LucusMeshFormatFBX.cpp */; };
		7A324B8F24013515000C49DB /* LucusMeshFormatFBX.cpp in Sources */ = {isa = PBXBuildFile; fileRef = 7A324B8C24013515000C49DB /* LucusMeshFormatFBX.cpp */; };
		7A884A442438E8C000EC2E74 /* LucusVector.cpp in Sources */ = {isa = PBXBuildFile; fileRef = 7A884A402438E8C000EC2E74 /* LucusVector.cpp */; };
		7A884A452438E8C000EC2E74 /* LucusVector.cpp in Sources */ = {isa = PBXBuildFile; fileRef = 7A884A402438E8C000EC2E74 /* LucusVector.cpp */; };
		7A884A462438E8C000EC2E74 /* LucusQuaternion.cpp in Sources */ = {isa = PBXBuildFile; fileRef = 7A884A412438E8C000EC2E74 /* LucusQuaternion.cpp */; };
		7A884A472438E8C000EC2E74 /* LucusQuaternion.cpp in Sources */ = {isa = PBXBuildFile; fileRef = 7A884A412438E8C000EC2E74 /* LucusQuaternion.cpp */; };
		7A884A482438E8C000EC2E74 /* LucusMatrix.cpp in Sources */ = {isa = PBXBuildFile; fileRef = 7A884A422438E8C000EC2E74 /* LucusMatrix.cpp */; };
		7A884A492438E8C000EC2E74 /* LucusMatrix.cpp in Sources */ = {isa = PBXBuildFile; fileRef = 7A884A422438E8C000EC2E74 /* LucusMatrix.cpp */; };
		7A884A4C2438E8D500EC2E74 /* LucusSceneComponent.cpp in Sources */ = {isa = PBXBuildFile; fileRef = 7A884A4A2438E8D500EC2E74 /* LucusSceneComponent.cpp */; };
		7A884A4D2438E8D500EC2E74 /* LucusSceneComponent.cpp in Sources */ = {isa = PBXBuildFile; fileRef = 7A884A4A2438E8D500EC2E74 /* LucusSceneComponent.cpp */; };
		7A885DCF243B392600EC2E74 /* libtinyxml2.a in Frameworks */ = {isa = PBXBuildFile; fileRef = 7A885DAA243B37C000EC2E74 /* libtinyxml2.a */; };
		7A885DD2243B8FF700EC2E74 /* LucusResourceManager.cpp in Sources */ = {isa = PBXBuildFile; fileRef = 7A885DD1243B8FF700EC2E74 /* LucusResourceManager.cpp */; };
		7A885DD3243B8FF700EC2E74 /* LucusResourceManager.cpp in Sources */ = {isa = PBXBuildFile; fileRef = 7A885DD1243B8FF700EC2E74 /* LucusResourceManager.cpp */; };
		7A885DD9243B900B00EC2E74 /* RotatedMeshComponent.cpp in Sources */ = {isa = PBXBuildFile; fileRef = 7A885DD6243B900A00EC2E74 /* RotatedMeshComponent.cpp */; };
		7A885DDA243B900B00EC2E74 /* RotatedMeshComponent.cpp in Sources */ = {isa = PBXBuildFile; fileRef = 7A885DD6243B900A00EC2E74 /* RotatedMeshComponent.cpp */; };
		7A885DDB243B900B00EC2E74 /* GameWorld.cpp in Sources */ = {isa = PBXBuildFile; fileRef = 7A885DD8243B900A00EC2E74 /* GameWorld.cpp */; };
		7A885DDC243B900B00EC2E74 /* GameWorld.cpp in Sources */ = {isa = PBXBuildFile; fileRef = 7A885DD8243B900A00EC2E74 /* GameWorld.cpp */; };
		7AA498D1240249C1009C1ED7 /* libfbxsdk.a in Frameworks */ = {isa = PBXBuildFile; fileRef = 7AA498D0240249C0009C1ED7 /* libfbxsdk.a */; };
		7AA498DC240458A3009C1ED7 /* Assets in Resources */ = {isa = PBXBuildFile; fileRef = 7AA498DB240458A3009C1ED7 /* Assets */; };
		7AA498DD240458A3009C1ED7 /* Assets in Resources */ = {isa = PBXBuildFile; fileRef = 7AA498DB240458A3009C1ED7 /* Assets */; };
		7AA498EA2413BA7F009C1ED7 /* LucusCameraComponent.cpp in Sources */ = {isa = PBXBuildFile; fileRef = 7AA498E02413BA7F009C1ED7 /* LucusCameraComponent.cpp */; };
		7AA498EB2413BA7F009C1ED7 /* LucusCameraComponent.cpp in Sources */ = {isa = PBXBuildFile; fileRef = 7AA498E02413BA7F009C1ED7 /* LucusCameraComponent.cpp */; };
		7AA498EC2413BA7F009C1ED7 /* LucusTransform.cpp in Sources */ = {isa = PBXBuildFile; fileRef = 7AA498E12413BA7F009C1ED7 /* LucusTransform.cpp */; };
		7AA498ED2413BA7F009C1ED7 /* LucusTransform.cpp in Sources */ = {isa = PBXBuildFile; fileRef = 7AA498E12413BA7F009C1ED7 /* LucusTransform.cpp */; };
		7AA498EE2413BA7F009C1ED7 /* LucusComponent.cpp in Sources */ = {isa = PBXBuildFile; fileRef = 7AA498E32413BA7F009C1ED7 /* LucusComponent.cpp */; };
		7AA498EF2413BA7F009C1ED7 /* LucusComponent.cpp in Sources */ = {isa = PBXBuildFile; fileRef = 7AA498E32413BA7F009C1ED7 /* LucusComponent.cpp */; };
		7AA498F02413BA7F009C1ED7 /* LucusMeshComponent.cpp in Sources */ = {isa = PBXBuildFile; fileRef = 7AA498E42413BA7F009C1ED7 /* LucusMeshComponent.cpp */; };
		7AA498F12413BA7F009C1ED7 /* LucusMeshComponent.cpp in Sources */ = {isa = PBXBuildFile; fileRef = 7AA498E42413BA7F009C1ED7 /* LucusMeshComponent.cpp */; };
		7AA498F22413BA7F009C1ED7 /* LucusActor.cpp in Sources */ = {isa = PBXBuildFile; fileRef = 7AA498E52413BA7F009C1ED7 /* LucusActor.cpp */; };
		7AA498F32413BA7F009C1ED7 /* LucusActor.cpp in Sources */ = {isa = PBXBuildFile; fileRef = 7AA498E52413BA7F009C1ED7 /* LucusActor.cpp */; };
		7AA498F42413BA7F009C1ED7 /* LucusWorld.cpp in Sources */ = {isa = PBXBuildFile; fileRef = 7AA498E72413BA7F009C1ED7 /* LucusWorld.cpp */; };
		7AA498F52413BA7F009C1ED7 /* LucusWorld.cpp in Sources */ = {isa = PBXBuildFile; fileRef = 7AA498E72413BA7F009C1ED7 /* LucusWorld.cpp */; };
		7AA498FC2413BAA0009C1ED7 /* LucusSceneComponentProxy.cpp in Sources */ = {isa = PBXBuildFile; fileRef = 7AA498F72413BA9F009C1ED7 /* LucusSceneComponentProxy.cpp */; };
		7AA498FD2413BAA0009C1ED7 /* LucusSceneComponentProxy.cpp in Sources */ = {isa = PBXBuildFile; fileRef = 7AA498F72413BA9F009C1ED7 /* LucusSceneComponentProxy.cpp */; };
		7AA498FE2413BAA0009C1ED7 /* LucusScene.cpp in Sources */ = {isa = PBXBuildFile; fileRef = 7AA498F82413BA9F009C1ED7 /* LucusScene.cpp */; };
		7AA498FF2413BAA0009C1ED7 /* LucusScene.cpp in Sources */ = {isa = PBXBuildFile; fileRef = 7AA498F82413BA9F009C1ED7 /* LucusScene.cpp */; };
		7AA499002413BAA0009C1ED7 /* LucusViewport.cpp in Sources */ = {isa = PBXBuildFile; fileRef = 7AA498F92413BA9F009C1ED7 /* LucusViewport.cpp */; };
		7AA499012413BAA0009C1ED7 /* LucusViewport.cpp in Sources */ = {isa = PBXBuildFile; fileRef = 7AA498F92413BA9F009C1ED7 /* LucusViewport.cpp */; };
		7AA4990724163E18009C1ED7 /* LucusTimeManager.cpp in Sources */ = {isa = PBXBuildFile; fileRef = 7AA4990524163E18009C1ED7 /* LucusTimeManager.cpp */; };
		7AA4990824163E19009C1ED7 /* LucusTimeManager.cpp in Sources */ = {isa = PBXBuildFile; fileRef = 7AA4990524163E18009C1ED7 /* LucusTimeManager.cpp */; };
		7AA499182416A2A6009C1ED7 /* LucusMeshFormat.cpp in Sources */ = {isa = PBXBuildFile; fileRef = 7AA4990A2416A2A6009C1ED7 /* LucusMeshFormat.cpp */; };
		7AA499192416A2A6009C1ED7 /* LucusMeshFormat.cpp in Sources */ = {isa = PBXBuildFile; fileRef = 7AA4990A2416A2A6009C1ED7 /* LucusMeshFormat.cpp */; };
		7AA4991A2416A2A6009C1ED7 /* LucusMesh.cpp in Sources */ = {isa = PBXBuildFile; fileRef = 7AA4990C2416A2A6009C1ED7 /* LucusMesh.cpp */; };
		7AA4991B2416A2A6009C1ED7 /* LucusMesh.cpp in Sources */ = {isa = PBXBuildFile; fileRef = 7AA4990C2416A2A6009C1ED7 /* LucusMesh.cpp */; };
		7AA4991C2416A2A6009C1ED7 /* DefaultShader.metal in Sources */ = {isa = PBXBuildFile; fileRef = 7AA4990F2416A2A6009C1ED7 /* DefaultShader.metal */; };
		7AA4991D2416A2A6009C1ED7 /* DefaultShader.metal in Sources */ = {isa = PBXBuildFile; fileRef = 7AA4990F2416A2A6009C1ED7 /* DefaultShader.metal */; };
		7AA499262416A2A6009C1ED7 /* LucusMeshFormatManager.cpp in Sources */ = {isa = PBXBuildFile; fileRef = 7AA499152416A2A6009C1ED7 /* LucusMeshFormatManager.cpp */; };
		7AA499272416A2A6009C1ED7 /* LucusMeshFormatManager.cpp in Sources */ = {isa = PBXBuildFile; fileRef = 7AA499152416A2A6009C1ED7 /* LucusMeshFormatManager.cpp */; };
		7AA4992B2416A2B3009C1ED7 /* LucusMath.cpp in Sources */ = {isa = PBXBuildFile; fileRef = 7AA499292416A2B3009C1ED7 /* LucusMath.cpp */; };
		7AA4992C2416A2B3009C1ED7 /* LucusMath.cpp in Sources */ = {isa = PBXBuildFile; fileRef = 7AA499292416A2B3009C1ED7 /* LucusMath.cpp */; };
		7AA499302416A737009C1ED7 /* LucusMetalComponentProxy.mm in Sources */ = {isa = PBXBuildFile; fileRef = 7AA4992E2416A737009C1ED7 /* LucusMetalComponentProxy.mm */; };
		7AA499312416A737009C1ED7 /* LucusMetalComponentProxy.mm in Sources */ = {isa = PBXBuildFile; fileRef = 7AA4992E2416A737009C1ED7 /* LucusMetalComponentProxy.mm */; };
		7AB2AC762427460D0008C88D /* LucusImageFormatManager.cpp in Sources */ = {isa = PBXBuildFile; fileRef = 7AB2AC722427460C0008C88D /* LucusImageFormatManager.cpp */; };
		7AB2AC772427460D0008C88D /* LucusImageFormatManager.cpp in Sources */ = {isa = PBXBuildFile; fileRef = 7AB2AC722427460C0008C88D /* LucusImageFormatManager.cpp */; };
		7AB2AC782427460D0008C88D /* LucusImageFormat.cpp in Sources */ = {isa = PBXBuildFile; fileRef = 7AB2AC752427460C0008C88D /* LucusImageFormat.cpp */; };
		7AB2AC792427460D0008C88D /* LucusImageFormat.cpp in Sources */ = {isa = PBXBuildFile; fileRef = 7AB2AC752427460C0008C88D /* LucusImageFormat.cpp */; };
		7AB2AC7A2427460D0008C88D /* LucusImage.cpp in Sources */ = {isa = PBXBuildFile; fileRef = 7AB2AC712427460C0008C88D /* LucusImage.cpp */; };
		7AB2AC7B2427460D0008C88D /* LucusImage.cpp in Sources */ = {isa = PBXBuildFile; fileRef = 7AB2AC712427460C0008C88D /* LucusImage.cpp */; };
		7AB2AC822427466E0008C88D /* LucusImageFormatTGA.cpp in Sources */ = {isa = PBXBuildFile; fileRef = 7AB2AC7E2427466E0008C88D /* LucusImageFormatTGA.cpp */; };
		7AB2AC832427466E0008C88D /* LucusImageFormatTGA.cpp in Sources */ = {isa = PBXBuildFile; fileRef = 7AB2AC7E2427466E0008C88D /* LucusImageFormatTGA.cpp */; };
		7AB2AC88242752DD0008C88D /* LucusTexture.cpp in Sources */ = {isa = PBXBuildFile; fileRef = 7AB2AC86242752DC0008C88D /* LucusTexture.cpp */; };
		7AB2AC89242752DD0008C88D /* LucusTexture.cpp in Sources */ = {isa = PBXBuildFile; fileRef = 7AB2AC86242752DC0008C88D /* LucusTexture.cpp */; };
		7AB2AD7124275C760008C88D /* LucusImageFormatPNG.cpp in Sources */ = {isa = PBXBuildFile; fileRef = 7AB2AD7024275C760008C88D /* LucusImageFormatPNG.cpp */; };
		7AB2AD7224275C760008C88D /* LucusImageFormatPNG.cpp in Sources */ = {isa = PBXBuildFile; fileRef = 7AB2AD7024275C760008C88D /* LucusImageFormatPNG.cpp */; };
		7AB2AD7324275DE20008C88D /* zlib-osx.a in Frameworks */ = {isa = PBXBuildFile; fileRef = 7AB2AD6B24275BDB0008C88D /* zlib-osx.a */; };
		7AB2AD7424275DE60008C88D /* libpng-osx.a in Frameworks */ = {isa = PBXBuildFile; fileRef = 7AB2AD6824275BDB0008C88D /* libpng-osx.a */; };
		7ADF914023E6D07A0094C83D /* main.mm in Sources */ = {isa = PBXBuildFile; fileRef = 7ADF913F23E6D07A0094C83D /* main.mm */; };
		7ADF914123E6D07A0094C83D /* main.mm in Sources */ = {isa = PBXBuildFile; fileRef = 7ADF913F23E6D07A0094C83D /* main.mm */; };
		7ADF914523E6D36B0094C83D /* Cocoa.framework in Frameworks */ = {isa = PBXBuildFile; fileRef = 7ADF914423E6D36B0094C83D /* Cocoa.framework */; };
		7ADF914723E6D3B80094C83D /* UIKit.framework in Frameworks */ = {isa = PBXBuildFile; fileRef = 7ADF914623E6D3B80094C83D /* UIKit.framework */; };
		7ADF914D23E704CB0094C83D /* Metal.framework in Frameworks */ = {isa = PBXBuildFile; fileRef = 7ADF914C23E704CB0094C83D /* Metal.framework */; };
		7ADF914F23E704D10094C83D /* MetalKit.framework in Frameworks */ = {isa = PBXBuildFile; fileRef = 7ADF914E23E704D10094C83D /* MetalKit.framework */; };
		7ADF915123E704DA0094C83D /* Metal.framework in Frameworks */ = {isa = PBXBuildFile; fileRef = 7ADF915023E704DA0094C83D /* Metal.framework */; };
		7ADF915323E704E00094C83D /* MetalKit.framework in Frameworks */ = {isa = PBXBuildFile; fileRef = 7ADF915223E704E00094C83D /* MetalKit.framework */; };
/* End PBXBuildFile section */

/* Begin PBXContainerItemProxy section */
		7A885DA9243B37C000EC2E74 /* PBXContainerItemProxy */ = {
			isa = PBXContainerItemProxy;
			containerPortal = 7A885DA4243B37BF00EC2E74 /* tinyxml2.xcodeproj */;
			proxyType = 2;
			remoteGlobalIDString = 7A885D9D243B37BF00EC2E74;
			remoteInfo = tinyxml2;
		};
		7A885DCC243B38B500EC2E74 /* PBXContainerItemProxy */ = {
			isa = PBXContainerItemProxy;
			containerPortal = 7A885DA4243B37BF00EC2E74 /* tinyxml2.xcodeproj */;
			proxyType = 2;
			remoteGlobalIDString = 7A885DC2243B389D00EC2E74;
			remoteInfo = "tinyxml2-ios";
		};
		7AB2ACA3242753F80008C88D /* PBXContainerItemProxy */ = {
			isa = PBXContainerItemProxy;
			containerPortal = 7AB2AC9F242753F60008C88D /* libpng.xcodeproj */;
			proxyType = 2;
			remoteGlobalIDString = 7AB2AC93242753F60008C88D;
			remoteInfo = libpng;
		};
		7AB2ACE42427547C0008C88D /* PBXContainerItemProxy */ = {
			isa = PBXContainerItemProxy;
			containerPortal = 7AB2ACE02427547B0008C88D /* zlib.xcodeproj */;
			proxyType = 2;
			remoteGlobalIDString = 7AB2ACD42427547B0008C88D;
			remoteInfo = zlib;
		};
		7AB2AD6424275BDB0008C88D /* PBXContainerItemProxy */ = {
			isa = PBXContainerItemProxy;
			containerPortal = 7AB2ACE02427547B0008C88D /* zlib.xcodeproj */;
			proxyType = 1;
			remoteGlobalIDString = 7AB2AD38242756CC0008C88D;
			remoteInfo = "zlib-osx";
		};
		7AB2AD6724275BDB0008C88D /* PBXContainerItemProxy */ = {
			isa = PBXContainerItemProxy;
			containerPortal = 7AB2AC9F242753F60008C88D /* libpng.xcodeproj */;
			proxyType = 2;
			remoteGlobalIDString = 7AB2AD5024275A040008C88D;
			remoteInfo = "libpng-osx";
		};
		7AB2AD6A24275BDB0008C88D /* PBXContainerItemProxy */ = {
			isa = PBXContainerItemProxy;
			containerPortal = 7AB2ACE02427547B0008C88D /* zlib.xcodeproj */;
			proxyType = 2;
			remoteGlobalIDString = 7AB2AD39242756CC0008C88D;
			remoteInfo = "zlib-osx";
		};
		7AB2AD6C24275BDF0008C88D /* PBXContainerItemProxy */ = {
			isa = PBXContainerItemProxy;
			containerPortal = 7AB2AC9F242753F60008C88D /* libpng.xcodeproj */;
			proxyType = 1;
			remoteGlobalIDString = 7AB2AD4F24275A040008C88D;
			remoteInfo = "libpng-osx";
		};
/* End PBXContainerItemProxy section */

/* Begin PBXFileReference section */
		7A0C0DC323F1E83600DE0B7D /* LucusCore.h */ = {isa = PBXFileReference; fileEncoding = 4; lastKnownFileType = sourcecode.c.h; path = LucusCore.h; sourceTree = "<group>"; };
		7A0C0DC423F1E83600DE0B7D /* LucusCore.cpp */ = {isa = PBXFileReference; fileEncoding = 4; lastKnownFileType = sourcecode.cpp.cpp; path = LucusCore.cpp; sourceTree = "<group>"; };
		7A0C0DC523F1E83600DE0B7D /* LucusSingleton.h */ = {isa = PBXFileReference; fileEncoding = 4; lastKnownFileType = sourcecode.c.h; path = LucusSingleton.h; sourceTree = "<group>"; };
		7A0C0DC923F1E84200DE0B7D /* LucusRenderSystem.h */ = {isa = PBXFileReference; fileEncoding = 4; lastKnownFileType = sourcecode.c.h; path = LucusRenderSystem.h; sourceTree = "<group>"; };
		7A0C0DCA23F1E84200DE0B7D /* LucusRenderSystem.cpp */ = {isa = PBXFileReference; fileEncoding = 4; lastKnownFileType = sourcecode.cpp.cpp; path = LucusRenderSystem.cpp; sourceTree = "<group>"; };
		7A0C0DDB23F338BC00DE0B7D /* host.cpp */ = {isa = PBXFileReference; lastKnownFileType = sourcecode.cpp.cpp; path = host.cpp; sourceTree = "<group>"; };
		7A0C0DDC23F338BC00DE0B7D /* host.h */ = {isa = PBXFileReference; lastKnownFileType = sourcecode.c.h; path = host.h; sourceTree = "<group>"; };
		7A0C0DDF23F3CAAF00DE0B7D /* LucusMetalView.h */ = {isa = PBXFileReference; lastKnownFileType = sourcecode.c.h; path = LucusMetalView.h; sourceTree = "<group>"; };
		7A0C0DE023F3CAAF00DE0B7D /* LucusMetalView.mm */ = {isa = PBXFileReference; lastKnownFileType = sourcecode.cpp.objcpp; path = LucusMetalView.mm; sourceTree = "<group>"; };
		7A0C0DEA23F4815200DE0B7D /* LucusTypes.h */ = {isa = PBXFileReference; lastKnownFileType = sourcecode.c.h; path = LucusTypes.h; sourceTree = "<group>"; };
		7A324B5923F5CEF8000C49DB /* AppDelegate.h */ = {isa = PBXFileReference; lastKnownFileType = sourcecode.c.h; path = AppDelegate.h; sourceTree = "<group>"; };
		7A324B5A23F5CEF8000C49DB /* AppDelegate.mm */ = {isa = PBXFileReference; lastKnownFileType = sourcecode.cpp.objcpp; path = AppDelegate.mm; sourceTree = "<group>"; };
		7A324B6A23FBBCDA000C49DB /* LucusMetalDevice.h */ = {isa = PBXFileReference; fileEncoding = 4; lastKnownFileType = sourcecode.c.h; path = LucusMetalDevice.h; sourceTree = "<group>"; };
		7A324B6B23FBBCDA000C49DB /* LucusMetalRenderSystem.mm */ = {isa = PBXFileReference; fileEncoding = 4; lastKnownFileType = sourcecode.cpp.objcpp; path = LucusMetalRenderSystem.mm; sourceTree = "<group>"; };
		7A324B6C23FBBCDA000C49DB /* LucusMetalDevice.mm */ = {isa = PBXFileReference; fileEncoding = 4; lastKnownFileType = sourcecode.cpp.objcpp; path = LucusMetalDevice.mm; sourceTree = "<group>"; };
		7A324B6D23FBBCDA000C49DB /* LucusMetalWindow.h */ = {isa = PBXFileReference; fileEncoding = 4; lastKnownFileType = sourcecode.c.h; path = LucusMetalWindow.h; sourceTree = "<group>"; };
		7A324B6E23FBBCDA000C49DB /* LucusMetalRenderSystem.h */ = {isa = PBXFileReference; fileEncoding = 4; lastKnownFileType = sourcecode.c.h; path = LucusMetalRenderSystem.h; sourceTree = "<group>"; };
		7A324B6F23FBBCDA000C49DB /* LucusMetalWindow.mm */ = {isa = PBXFileReference; fileEncoding = 4; lastKnownFileType = sourcecode.cpp.objcpp; path = LucusMetalWindow.mm; sourceTree = "<group>"; };
		7A324B7623FBBCE9000C49DB /* LucusRenderWindow.h */ = {isa = PBXFileReference; fileEncoding = 4; lastKnownFileType = sourcecode.c.h; path = LucusRenderWindow.h; sourceTree = "<group>"; };
		7A324B7723FBBCE9000C49DB /* LucusRenderWindow.cpp */ = {isa = PBXFileReference; fileEncoding = 4; lastKnownFileType = sourcecode.cpp.cpp; path = LucusRenderWindow.cpp; sourceTree = "<group>"; };
		7A324B7A23FBC07A000C49DB /* LucusRenderTypes.h */ = {isa = PBXFileReference; fileEncoding = 4; lastKnownFileType = sourcecode.c.h; name = LucusRenderTypes.h; path = "../../src/lucus-render/LucusRenderTypes.h"; sourceTree = SOURCE_ROOT; };
		7A324B7B23FFA976000C49DB /* LucusFileSystem.cpp */ = {isa = PBXFileReference; lastKnownFileType = sourcecode.cpp.cpp; path = LucusFileSystem.cpp; sourceTree = "<group>"; };
		7A324B7C23FFA976000C49DB /* LucusFileSystem.h */ = {isa = PBXFileReference; lastKnownFileType = sourcecode.c.h; path = LucusFileSystem.h; sourceTree = "<group>"; };
		7A324B8C24013515000C49DB /* LucusMeshFormatFBX.cpp */ = {isa = PBXFileReference; lastKnownFileType = sourcecode.cpp.cpp; path = LucusMeshFormatFBX.cpp; sourceTree = "<group>"; };
		7A324B8D24013515000C49DB /* LucusMeshFormatFBX.h */ = {isa = PBXFileReference; lastKnownFileType = sourcecode.c.h; path = LucusMeshFormatFBX.h; sourceTree = "<group>"; };
		7A324B94240137C4000C49DB /* modules.h */ = {isa = PBXFileReference; lastKnownFileType = sourcecode.c.h; path = modules.h; sourceTree = "<group>"; };
		7A884A3B2438E8BF00EC2E74 /* LucusVertexTypes.h */ = {isa = PBXFileReference; fileEncoding = 4; lastKnownFileType = sourcecode.c.h; path = LucusVertexTypes.h; sourceTree = "<group>"; };
		7A884A3E2438E8BF00EC2E74 /* LucusQuaternion.h */ = {isa = PBXFileReference; fileEncoding = 4; lastKnownFileType = sourcecode.c.h; path = LucusQuaternion.h; sourceTree = "<group>"; };
		7A884A3F2438E8C000EC2E74 /* LucusVector.h */ = {isa = PBXFileReference; fileEncoding = 4; lastKnownFileType = sourcecode.c.h; path = LucusVector.h; sourceTree = "<group>"; };
		7A884A402438E8C000EC2E74 /* LucusVector.cpp */ = {isa = PBXFileReference; fileEncoding = 4; lastKnownFileType = sourcecode.cpp.cpp; path = LucusVector.cpp; sourceTree = "<group>"; };
		7A884A412438E8C000EC2E74 /* LucusQuaternion.cpp */ = {isa = PBXFileReference; fileEncoding = 4; lastKnownFileType = sourcecode.cpp.cpp; path = LucusQuaternion.cpp; sourceTree = "<group>"; };
		7A884A422438E8C000EC2E74 /* LucusMatrix.cpp */ = {isa = PBXFileReference; fileEncoding = 4; lastKnownFileType = sourcecode.cpp.cpp; path = LucusMatrix.cpp; sourceTree = "<group>"; };
		7A884A432438E8C000EC2E74 /* LucusMatrix.h */ = {isa = PBXFileReference; fileEncoding = 4; lastKnownFileType = sourcecode.c.h; path = LucusMatrix.h; sourceTree = "<group>"; };
		7A884A4A2438E8D500EC2E74 /* LucusSceneComponent.cpp */ = {isa = PBXFileReference; fileEncoding = 4; lastKnownFileType = sourcecode.cpp.cpp; path = LucusSceneComponent.cpp; sourceTree = "<group>"; };
		7A884A4B2438E8D500EC2E74 /* LucusSceneComponent.h */ = {isa = PBXFileReference; fileEncoding = 4; lastKnownFileType = sourcecode.c.h; path = LucusSceneComponent.h; sourceTree = "<group>"; };
		7A885DA4243B37BF00EC2E74 /* tinyxml2.xcodeproj */ = {isa = PBXFileReference; lastKnownFileType = "wrapper.pb-project"; name = tinyxml2.xcodeproj; path = tinyxml2/tinyxml2.xcodeproj; sourceTree = "<group>"; };
		7A885DD0243B8FF700EC2E74 /* LucusResourceManager.h */ = {isa = PBXFileReference; fileEncoding = 4; lastKnownFileType = sourcecode.c.h; path = LucusResourceManager.h; sourceTree = "<group>"; };
		7A885DD1243B8FF700EC2E74 /* LucusResourceManager.cpp */ = {isa = PBXFileReference; fileEncoding = 4; lastKnownFileType = sourcecode.cpp.cpp; path = LucusResourceManager.cpp; sourceTree = "<group>"; };
		7A885DD5243B900A00EC2E74 /* RotatedMeshComponent.h */ = {isa = PBXFileReference; fileEncoding = 4; lastKnownFileType = sourcecode.c.h; path = RotatedMeshComponent.h; sourceTree = "<group>"; };
		7A885DD6243B900A00EC2E74 /* RotatedMeshComponent.cpp */ = {isa = PBXFileReference; fileEncoding = 4; lastKnownFileType = sourcecode.cpp.cpp; path = RotatedMeshComponent.cpp; sourceTree = "<group>"; };
		7A885DD7243B900A00EC2E74 /* GameWorld.h */ = {isa = PBXFileReference; fileEncoding = 4; lastKnownFileType = sourcecode.c.h; path = GameWorld.h; sourceTree = "<group>"; };
		7A885DD8243B900A00EC2E74 /* GameWorld.cpp */ = {isa = PBXFileReference; fileEncoding = 4; lastKnownFileType = sourcecode.cpp.cpp; path = GameWorld.cpp; sourceTree = "<group>"; };
		7AA498D0240249C0009C1ED7 /* libfbxsdk.a */ = {isa = PBXFileReference; lastKnownFileType = archive.ar; name = libfbxsdk.a; path = "../../3rdparty/fbx-sdk-osx/lib/clang/debug/libfbxsdk.a"; sourceTree = "<group>"; };
		7AA498D324027673009C1ED7 /* LucusUtils.h */ = {isa = PBXFileReference; lastKnownFileType = sourcecode.c.h; path = LucusUtils.h; sourceTree = "<group>"; };
		7AA498DB240458A3009C1ED7 /* Assets */ = {isa = PBXFileReference; lastKnownFileType = folder; name = Assets; path = Resources/Assets; sourceTree = "<group>"; };
		7AA498DE2413BA7E009C1ED7 /* LucusCameraComponent.h */ = {isa = PBXFileReference; fileEncoding = 4; lastKnownFileType = sourcecode.c.h; path = LucusCameraComponent.h; sourceTree = "<group>"; };
		7AA498DF2413BA7E009C1ED7 /* LucusMeshComponent.h */ = {isa = PBXFileReference; fileEncoding = 4; lastKnownFileType = sourcecode.c.h; path = LucusMeshComponent.h; sourceTree = "<group>"; };
		7AA498E02413BA7F009C1ED7 /* LucusCameraComponent.cpp */ = {isa = PBXFileReference; fileEncoding = 4; lastKnownFileType = sourcecode.cpp.cpp; path = LucusCameraComponent.cpp; sourceTree = "<group>"; };
		7AA498E12413BA7F009C1ED7 /* LucusTransform.cpp */ = {isa = PBXFileReference; fileEncoding = 4; lastKnownFileType = sourcecode.cpp.cpp; path = LucusTransform.cpp; sourceTree = "<group>"; };
		7AA498E22413BA7F009C1ED7 /* LucusComponent.h */ = {isa = PBXFileReference; fileEncoding = 4; lastKnownFileType = sourcecode.c.h; path = LucusComponent.h; sourceTree = "<group>"; };
		7AA498E32413BA7F009C1ED7 /* LucusComponent.cpp */ = {isa = PBXFileReference; fileEncoding = 4; lastKnownFileType = sourcecode.cpp.cpp; path = LucusComponent.cpp; sourceTree = "<group>"; };
		7AA498E42413BA7F009C1ED7 /* LucusMeshComponent.cpp */ = {isa = PBXFileReference; fileEncoding = 4; lastKnownFileType = sourcecode.cpp.cpp; path = LucusMeshComponent.cpp; sourceTree = "<group>"; };
		7AA498E52413BA7F009C1ED7 /* LucusActor.cpp */ = {isa = PBXFileReference; fileEncoding = 4; lastKnownFileType = sourcecode.cpp.cpp; path = LucusActor.cpp; sourceTree = "<group>"; };
		7AA498E62413BA7F009C1ED7 /* LucusTransform.h */ = {isa = PBXFileReference; fileEncoding = 4; lastKnownFileType = sourcecode.c.h; path = LucusTransform.h; sourceTree = "<group>"; };
		7AA498E72413BA7F009C1ED7 /* LucusWorld.cpp */ = {isa = PBXFileReference; fileEncoding = 4; lastKnownFileType = sourcecode.cpp.cpp; path = LucusWorld.cpp; sourceTree = "<group>"; };
		7AA498E82413BA7F009C1ED7 /* LucusWorld.h */ = {isa = PBXFileReference; fileEncoding = 4; lastKnownFileType = sourcecode.c.h; path = LucusWorld.h; sourceTree = "<group>"; };
		7AA498E92413BA7F009C1ED7 /* LucusActor.h */ = {isa = PBXFileReference; fileEncoding = 4; lastKnownFileType = sourcecode.c.h; path = LucusActor.h; sourceTree = "<group>"; };
		7AA498F62413BA9F009C1ED7 /* LucusScene.h */ = {isa = PBXFileReference; fileEncoding = 4; lastKnownFileType = sourcecode.c.h; path = LucusScene.h; sourceTree = "<group>"; };
		7AA498F72413BA9F009C1ED7 /* LucusSceneComponentProxy.cpp */ = {isa = PBXFileReference; fileEncoding = 4; lastKnownFileType = sourcecode.cpp.cpp; path = LucusSceneComponentProxy.cpp; sourceTree = "<group>"; };
		7AA498F82413BA9F009C1ED7 /* LucusScene.cpp */ = {isa = PBXFileReference; fileEncoding = 4; lastKnownFileType = sourcecode.cpp.cpp; path = LucusScene.cpp; sourceTree = "<group>"; };
		7AA498F92413BA9F009C1ED7 /* LucusViewport.cpp */ = {isa = PBXFileReference; fileEncoding = 4; lastKnownFileType = sourcecode.cpp.cpp; path = LucusViewport.cpp; sourceTree = "<group>"; };
		7AA498FA2413BAA0009C1ED7 /* LucusSceneComponentProxy.h */ = {isa = PBXFileReference; fileEncoding = 4; lastKnownFileType = sourcecode.c.h; path = LucusSceneComponentProxy.h; sourceTree = "<group>"; };
		7AA498FB2413BAA0009C1ED7 /* LucusViewport.h */ = {isa = PBXFileReference; fileEncoding = 4; lastKnownFileType = sourcecode.c.h; path = LucusViewport.h; sourceTree = "<group>"; };
		7AA4990524163E18009C1ED7 /* LucusTimeManager.cpp */ = {isa = PBXFileReference; lastKnownFileType = sourcecode.cpp.cpp; path = LucusTimeManager.cpp; sourceTree = "<group>"; };
		7AA4990624163E18009C1ED7 /* LucusTimeManager.h */ = {isa = PBXFileReference; lastKnownFileType = sourcecode.c.h; path = LucusTimeManager.h; sourceTree = "<group>"; };
		7AA4990A2416A2A6009C1ED7 /* LucusMeshFormat.cpp */ = {isa = PBXFileReference; fileEncoding = 4; lastKnownFileType = sourcecode.cpp.cpp; path = LucusMeshFormat.cpp; sourceTree = "<group>"; };
		7AA4990B2416A2A6009C1ED7 /* LucusMesh.h */ = {isa = PBXFileReference; fileEncoding = 4; lastKnownFileType = sourcecode.c.h; path = LucusMesh.h; sourceTree = "<group>"; };
		7AA4990C2416A2A6009C1ED7 /* LucusMesh.cpp */ = {isa = PBXFileReference; fileEncoding = 4; lastKnownFileType = sourcecode.cpp.cpp; path = LucusMesh.cpp; sourceTree = "<group>"; };
		7AA4990F2416A2A6009C1ED7 /* DefaultShader.metal */ = {isa = PBXFileReference; fileEncoding = 4; lastKnownFileType = sourcecode.metal; path = DefaultShader.metal; sourceTree = "<group>"; };
		7AA499152416A2A6009C1ED7 /* LucusMeshFormatManager.cpp */ = {isa = PBXFileReference; fileEncoding = 4; lastKnownFileType = sourcecode.cpp.cpp; path = LucusMeshFormatManager.cpp; sourceTree = "<group>"; };
		7AA499162416A2A6009C1ED7 /* LucusMeshFormatManager.h */ = {isa = PBXFileReference; fileEncoding = 4; lastKnownFileType = sourcecode.c.h; path = LucusMeshFormatManager.h; sourceTree = "<group>"; };
		7AA499172416A2A6009C1ED7 /* LucusMeshFormat.h */ = {isa = PBXFileReference; fileEncoding = 4; lastKnownFileType = sourcecode.c.h; path = LucusMeshFormat.h; sourceTree = "<group>"; };
		7AA499292416A2B3009C1ED7 /* LucusMath.cpp */ = {isa = PBXFileReference; fileEncoding = 4; lastKnownFileType = sourcecode.cpp.cpp; path = LucusMath.cpp; sourceTree = "<group>"; };
		7AA4992A2416A2B3009C1ED7 /* LucusMath.h */ = {isa = PBXFileReference; fileEncoding = 4; lastKnownFileType = sourcecode.c.h; path = LucusMath.h; sourceTree = "<group>"; };
		7AA4992E2416A737009C1ED7 /* LucusMetalComponentProxy.mm */ = {isa = PBXFileReference; lastKnownFileType = sourcecode.cpp.objcpp; path = LucusMetalComponentProxy.mm; sourceTree = "<group>"; };
		7AA4992F2416A737009C1ED7 /* LucusMetalComponentProxy.h */ = {isa = PBXFileReference; lastKnownFileType = sourcecode.c.h; path = LucusMetalComponentProxy.h; sourceTree = "<group>"; };
		7AB2AC702427460C0008C88D /* LucusImage.h */ = {isa = PBXFileReference; lastKnownFileType = sourcecode.c.h; name = LucusImage.h; path = "/Users/rzs/Developer/Other/LucusEngine/src/lucus-resources/LucusImage.h"; sourceTree = "<absolute>"; };
		7AB2AC712427460C0008C88D /* LucusImage.cpp */ = {isa = PBXFileReference; lastKnownFileType = sourcecode.cpp.cpp; name = LucusImage.cpp; path = "/Users/rzs/Developer/Other/LucusEngine/src/lucus-resources/LucusImage.cpp"; sourceTree = "<absolute>"; };
		7AB2AC722427460C0008C88D /* LucusImageFormatManager.cpp */ = {isa = PBXFileReference; lastKnownFileType = sourcecode.cpp.cpp; name = LucusImageFormatManager.cpp; path = "/Users/rzs/Developer/Other/LucusEngine/src/lucus-resources/LucusImageFormatManager.cpp"; sourceTree = "<absolute>"; };
		7AB2AC732427460C0008C88D /* LucusImageFormatManager.h */ = {isa = PBXFileReference; lastKnownFileType = sourcecode.c.h; name = LucusImageFormatManager.h; path = "/Users/rzs/Developer/Other/LucusEngine/src/lucus-resources/LucusImageFormatManager.h"; sourceTree = "<absolute>"; };
		7AB2AC742427460C0008C88D /* LucusImageFormat.h */ = {isa = PBXFileReference; lastKnownFileType = sourcecode.c.h; name = LucusImageFormat.h; path = "/Users/rzs/Developer/Other/LucusEngine/src/lucus-resources/LucusImageFormat.h"; sourceTree = "<absolute>"; };
		7AB2AC752427460C0008C88D /* LucusImageFormat.cpp */ = {isa = PBXFileReference; lastKnownFileType = sourcecode.cpp.cpp; name = LucusImageFormat.cpp; path = "/Users/rzs/Developer/Other/LucusEngine/src/lucus-resources/LucusImageFormat.cpp"; sourceTree = "<absolute>"; };
		7AB2AC7D2427466E0008C88D /* LucusImageFormatTGA.h */ = {isa = PBXFileReference; fileEncoding = 4; lastKnownFileType = sourcecode.c.h; path = LucusImageFormatTGA.h; sourceTree = "<group>"; };
		7AB2AC7E2427466E0008C88D /* LucusImageFormatTGA.cpp */ = {isa = PBXFileReference; fileEncoding = 4; lastKnownFileType = sourcecode.cpp.cpp; path = LucusImageFormatTGA.cpp; sourceTree = "<group>"; };
		7AB2AC86242752DC0008C88D /* LucusTexture.cpp */ = {isa = PBXFileReference; lastKnownFileType = sourcecode.cpp.cpp; path = LucusTexture.cpp; sourceTree = "<group>"; };
		7AB2AC87242752DD0008C88D /* LucusTexture.h */ = {isa = PBXFileReference; lastKnownFileType = sourcecode.c.h; path = LucusTexture.h; sourceTree = "<group>"; };
		7AB2AC9F242753F60008C88D /* libpng.xcodeproj */ = {isa = PBXFileReference; lastKnownFileType = "wrapper.pb-project"; name = libpng.xcodeproj; path = libpng/libpng.xcodeproj; sourceTree = "<group>"; };
		7AB2ACE02427547B0008C88D /* zlib.xcodeproj */ = {isa = PBXFileReference; lastKnownFileType = "wrapper.pb-project"; name = zlib.xcodeproj; path = zlib/zlib.xcodeproj; sourceTree = "<group>"; };
		7AB2AD6F24275C760008C88D /* LucusImageFormatPNG.h */ = {isa = PBXFileReference; fileEncoding = 4; lastKnownFileType = sourcecode.c.h; path = LucusImageFormatPNG.h; sourceTree = "<group>"; };
		7AB2AD7024275C760008C88D /* LucusImageFormatPNG.cpp */ = {isa = PBXFileReference; fileEncoding = 4; lastKnownFileType = sourcecode.cpp.cpp; path = LucusImageFormatPNG.cpp; sourceTree = "<group>"; };
		7ADF910E23E6CA810094C83D /* LucusGame.app */ = {isa = PBXFileReference; explicitFileType = wrapper.application; includeInIndex = 0; path = LucusGame.app; sourceTree = BUILT_PRODUCTS_DIR; };
		7ADF911D23E6CA810094C83D /* Info.plist */ = {isa = PBXFileReference; lastKnownFileType = text.plist.xml; path = Info.plist; sourceTree = "<group>"; };
		7ADF912423E6CA810094C83D /* LucusGame.app */ = {isa = PBXFileReference; explicitFileType = wrapper.application; includeInIndex = 0; path = LucusGame.app; sourceTree = BUILT_PRODUCTS_DIR; };
		7ADF912F23E6CA810094C83D /* Info.plist */ = {isa = PBXFileReference; lastKnownFileType = text.plist.xml; path = Info.plist; sourceTree = "<group>"; };
		7ADF913F23E6D07A0094C83D /* main.mm */ = {isa = PBXFileReference; lastKnownFileType = sourcecode.cpp.objcpp; path = main.mm; sourceTree = "<group>"; };
		7ADF914423E6D36B0094C83D /* Cocoa.framework */ = {isa = PBXFileReference; lastKnownFileType = wrapper.framework; name = Cocoa.framework; path = System/Library/Frameworks/Cocoa.framework; sourceTree = SDKROOT; };
		7ADF914623E6D3B80094C83D /* UIKit.framework */ = {isa = PBXFileReference; lastKnownFileType = wrapper.framework; name = UIKit.framework; path = Platforms/iPhoneOS.platform/Developer/SDKs/iPhoneOS13.2.sdk/System/Library/Frameworks/UIKit.framework; sourceTree = DEVELOPER_DIR; };
		7ADF914C23E704CB0094C83D /* Metal.framework */ = {isa = PBXFileReference; lastKnownFileType = wrapper.framework; name = Metal.framework; path = Platforms/iPhoneOS.platform/Developer/SDKs/iPhoneOS13.2.sdk/System/Library/Frameworks/Metal.framework; sourceTree = DEVELOPER_DIR; };
		7ADF914E23E704D10094C83D /* MetalKit.framework */ = {isa = PBXFileReference; lastKnownFileType = wrapper.framework; name = MetalKit.framework; path = Platforms/iPhoneOS.platform/Developer/SDKs/iPhoneOS13.2.sdk/System/Library/Frameworks/MetalKit.framework; sourceTree = DEVELOPER_DIR; };
		7ADF915023E704DA0094C83D /* Metal.framework */ = {isa = PBXFileReference; lastKnownFileType = wrapper.framework; name = Metal.framework; path = System/Library/Frameworks/Metal.framework; sourceTree = SDKROOT; };
		7ADF915223E704E00094C83D /* MetalKit.framework */ = {isa = PBXFileReference; lastKnownFileType = wrapper.framework; name = MetalKit.framework; path = System/Library/Frameworks/MetalKit.framework; sourceTree = SDKROOT; };
/* End PBXFileReference section */

/* Begin PBXFrameworksBuildPhase section */
		7ADF910B23E6CA810094C83D /* Frameworks */ = {
			isa = PBXFrameworksBuildPhase;
			buildActionMask = 2147483647;
			files = (
				7ADF914F23E704D10094C83D /* MetalKit.framework in Frameworks */,
				7ADF914D23E704CB0094C83D /* Metal.framework in Frameworks */,
				7ADF914723E6D3B80094C83D /* UIKit.framework in Frameworks */,
			);
			runOnlyForDeploymentPostprocessing = 0;
		};
		7ADF912123E6CA810094C83D /* Frameworks */ = {
			isa = PBXFrameworksBuildPhase;
			buildActionMask = 2147483647;
			files = (
				7AA498D1240249C1009C1ED7 /* libfbxsdk.a in Frameworks */,
				7ADF915323E704E00094C83D /* MetalKit.framework in Frameworks */,
				7AB2AD7324275DE20008C88D /* zlib-osx.a in Frameworks */,
				7ADF915123E704DA0094C83D /* Metal.framework in Frameworks */,
				7AB2AD7424275DE60008C88D /* libpng-osx.a in Frameworks */,
				7ADF914523E6D36B0094C83D /* Cocoa.framework in Frameworks */,
				7A885DCF243B392600EC2E74 /* libtinyxml2.a in Frameworks */,
			);
			runOnlyForDeploymentPostprocessing = 0;
		};
/* End PBXFrameworksBuildPhase section */

/* Begin PBXGroup section */
		7A0C0DC223F1E83600DE0B7D /* lucus-core */ = {
			isa = PBXGroup;
			children = (
				7A324B94240137C4000C49DB /* modules.h */,
				7A0C0DDC23F338BC00DE0B7D /* host.h */,
				7A0C0DDB23F338BC00DE0B7D /* host.cpp */,
				7A0C0DC323F1E83600DE0B7D /* LucusCore.h */,
				7A0C0DC423F1E83600DE0B7D /* LucusCore.cpp */,
				7A0C0DC523F1E83600DE0B7D /* LucusSingleton.h */,
				7A0C0DEA23F4815200DE0B7D /* LucusTypes.h */,
				7A324B7C23FFA976000C49DB /* LucusFileSystem.h */,
				7A324B7B23FFA976000C49DB /* LucusFileSystem.cpp */,
			);
			name = "lucus-core";
			path = "../../src/lucus-core";
			sourceTree = "<group>";
		};
		7A0C0DC823F1E84200DE0B7D /* lucus-render */ = {
			isa = PBXGroup;
			children = (
				7A0C0DCD23F1EBFD00DE0B7D /* Metal */,
				7AA498FA2413BAA0009C1ED7 /* LucusSceneComponentProxy.h */,
				7AA498F72413BA9F009C1ED7 /* LucusSceneComponentProxy.cpp */,
				7AA498F62413BA9F009C1ED7 /* LucusScene.h */,
				7AA498F82413BA9F009C1ED7 /* LucusScene.cpp */,
				7AA498FB2413BAA0009C1ED7 /* LucusViewport.h */,
				7AA498F92413BA9F009C1ED7 /* LucusViewport.cpp */,
				7A324B7623FBBCE9000C49DB /* LucusRenderWindow.h */,
				7A324B7723FBBCE9000C49DB /* LucusRenderWindow.cpp */,
				7A0C0DC923F1E84200DE0B7D /* LucusRenderSystem.h */,
				7A0C0DCA23F1E84200DE0B7D /* LucusRenderSystem.cpp */,
				7A324B7A23FBC07A000C49DB /* LucusRenderTypes.h */,
				7AB2AC87242752DD0008C88D /* LucusTexture.h */,
				7AB2AC86242752DC0008C88D /* LucusTexture.cpp */,
			);
			name = "lucus-render";
			path = "../../src/lucus-render";
			sourceTree = "<group>";
		};
		7A0C0DCD23F1EBFD00DE0B7D /* Metal */ = {
			isa = PBXGroup;
			children = (
				7A0C0DDE23F3CA8700DE0B7D /* Windowing */,
				7A324B6A23FBBCDA000C49DB /* LucusMetalDevice.h */,
				7A324B6C23FBBCDA000C49DB /* LucusMetalDevice.mm */,
				7A324B6E23FBBCDA000C49DB /* LucusMetalRenderSystem.h */,
				7A324B6B23FBBCDA000C49DB /* LucusMetalRenderSystem.mm */,
				7A324B6D23FBBCDA000C49DB /* LucusMetalWindow.h */,
				7A324B6F23FBBCDA000C49DB /* LucusMetalWindow.mm */,
				7AA4992F2416A737009C1ED7 /* LucusMetalComponentProxy.h */,
				7AA4992E2416A737009C1ED7 /* LucusMetalComponentProxy.mm */,
			);
			path = Metal;
			sourceTree = "<group>";
		};
		7A0C0DDE23F3CA8700DE0B7D /* Windowing */ = {
			isa = PBXGroup;
			children = (
				7A0C0DDF23F3CAAF00DE0B7D /* LucusMetalView.h */,
				7A0C0DE023F3CAAF00DE0B7D /* LucusMetalView.mm */,
			);
			path = Windowing;
			sourceTree = "<group>";
		};
		7A324B5D23F5D71A000C49DB /* lucus-sim */ = {
			isa = PBXGroup;
			children = (
				7A884A4A2438E8D500EC2E74 /* LucusSceneComponent.cpp */,
				7A884A4B2438E8D500EC2E74 /* LucusSceneComponent.h */,
				7AA498E92413BA7F009C1ED7 /* LucusActor.h */,
				7AA498E52413BA7F009C1ED7 /* LucusActor.cpp */,
				7AA498DE2413BA7E009C1ED7 /* LucusCameraComponent.h */,
				7AA498E02413BA7F009C1ED7 /* LucusCameraComponent.cpp */,
				7AA498E22413BA7F009C1ED7 /* LucusComponent.h */,
				7AA498E32413BA7F009C1ED7 /* LucusComponent.cpp */,
				7AA498DF2413BA7E009C1ED7 /* LucusMeshComponent.h */,
				7AA498E42413BA7F009C1ED7 /* LucusMeshComponent.cpp */,
				7AA498E62413BA7F009C1ED7 /* LucusTransform.h */,
				7AA498E12413BA7F009C1ED7 /* LucusTransform.cpp */,
				7AA498E82413BA7F009C1ED7 /* LucusWorld.h */,
				7AA498E72413BA7F009C1ED7 /* LucusWorld.cpp */,
				7AA498D324027673009C1ED7 /* LucusUtils.h */,
				7AA4990624163E18009C1ED7 /* LucusTimeManager.h */,
				7AA4990524163E18009C1ED7 /* LucusTimeManager.cpp */,
			);
			name = "lucus-sim";
			path = "../../src/lucus-sim";
			sourceTree = "<group>";
		};
		7A324B8B240134F1000C49DB /* lucus-mesh-fbx */ = {
			isa = PBXGroup;
			children = (
				7A324B8D24013515000C49DB /* LucusMeshFormatFBX.h */,
				7A324B8C24013515000C49DB /* LucusMeshFormatFBX.cpp */,
			);
			name = "lucus-mesh-fbx";
			path = "../../src/lucus-mesh-fbx";
			sourceTree = "<group>";
		};
		7A83AE8523E6C3DE002E161C = {
			isa = PBXGroup;
			children = (
				7A885DA4243B37BF00EC2E74 /* tinyxml2.xcodeproj */,
				7AB2ACE02427547B0008C88D /* zlib.xcodeproj */,
				7AB2AC9F242753F60008C88D /* libpng.xcodeproj */,
				7A885DD4243B900A00EC2E74 /* src */,
				7A0C0DC223F1E83600DE0B7D /* lucus-core */,
				7A0C0DC823F1E84200DE0B7D /* lucus-render */,
				7A324B5D23F5D71A000C49DB /* lucus-sim */,
				7AA499282416A2B3009C1ED7 /* lucus-math */,
				7AA499092416A2A6009C1ED7 /* lucus-resources */,
				7A324B8B240134F1000C49DB /* lucus-mesh-fbx */,
				7AB2AD6E24275C760008C88D /* lucus-image-png */,
				7AB2AC7C2427466E0008C88D /* lucus-image-tga */,
				7AA498D424027C38009C1ED7 /* Resources */,
				7ADF914223E6D3080094C83D /* Application */,
				7ADF910F23E6CA810094C83D /* Products */,
				7ADF914323E6D36A0094C83D /* Frameworks */,
			);
			sourceTree = "<group>";
		};
		7A885DA5243B37BF00EC2E74 /* Products */ = {
			isa = PBXGroup;
			children = (
				7A885DAA243B37C000EC2E74 /* libtinyxml2.a */,
				7A885DCD243B38B500EC2E74 /* libtinyxml2-ios.a */,
			);
			name = Products;
			sourceTree = "<group>";
		};
		7A885DD4243B900A00EC2E74 /* src */ = {
			isa = PBXGroup;
			children = (
				7A885DD5243B900A00EC2E74 /* RotatedMeshComponent.h */,
				7A885DD6243B900A00EC2E74 /* RotatedMeshComponent.cpp */,
				7A885DD7243B900A00EC2E74 /* GameWorld.h */,
				7A885DD8243B900A00EC2E74 /* GameWorld.cpp */,
			);
			name = src;
			path = ../../game/src;
			sourceTree = "<group>";
		};
		7AA498D424027C38009C1ED7 /* Resources */ = {
			isa = PBXGroup;
			children = (
				7AA498DB240458A3009C1ED7 /* Assets */,
			);
			name = Resources;
			sourceTree = "<group>";
		};
		7AA499092416A2A6009C1ED7 /* lucus-resources */ = {
			isa = PBXGroup;
			children = (
				7A885DD1243B8FF700EC2E74 /* LucusResourceManager.cpp */,
				7A885DD0243B8FF700EC2E74 /* LucusResourceManager.h */,
				7AA4990D2416A2A6009C1ED7 /* shaders */,
				7AA499172416A2A6009C1ED7 /* LucusMeshFormat.h */,
				7AA4990A2416A2A6009C1ED7 /* LucusMeshFormat.cpp */,
				7AA4990B2416A2A6009C1ED7 /* LucusMesh.h */,
				7AA4990C2416A2A6009C1ED7 /* LucusMesh.cpp */,
				7AA499162416A2A6009C1ED7 /* LucusMeshFormatManager.h */,
				7AA499152416A2A6009C1ED7 /* LucusMeshFormatManager.cpp */,
				7AB2AC702427460C0008C88D /* LucusImage.h */,
				7AB2AC712427460C0008C88D /* LucusImage.cpp */,
				7AB2AC752427460C0008C88D /* LucusImageFormat.cpp */,
				7AB2AC742427460C0008C88D /* LucusImageFormat.h */,
				7AB2AC722427460C0008C88D /* LucusImageFormatManager.cpp */,
				7AB2AC732427460C0008C88D /* LucusImageFormatManager.h */,
			);
			name = "lucus-resources";
			path = "../../src/lucus-resources";
			sourceTree = "<group>";
		};
		7AA4990D2416A2A6009C1ED7 /* shaders */ = {
			isa = PBXGroup;
			children = (
				7AA4990E2416A2A6009C1ED7 /* Metal */,
			);
			path = shaders;
			sourceTree = "<group>";
		};
		7AA4990E2416A2A6009C1ED7 /* Metal */ = {
			isa = PBXGroup;
			children = (
				7AA4990F2416A2A6009C1ED7 /* DefaultShader.metal */,
			);
			path = Metal;
			sourceTree = "<group>";
		};
		7AA499282416A2B3009C1ED7 /* lucus-math */ = {
			isa = PBXGroup;
			children = (
				7A884A422438E8C000EC2E74 /* LucusMatrix.cpp */,
				7A884A432438E8C000EC2E74 /* LucusMatrix.h */,
				7A884A412438E8C000EC2E74 /* LucusQuaternion.cpp */,
				7A884A3E2438E8BF00EC2E74 /* LucusQuaternion.h */,
				7A884A402438E8C000EC2E74 /* LucusVector.cpp */,
				7A884A3F2438E8C000EC2E74 /* LucusVector.h */,
				7A884A3B2438E8BF00EC2E74 /* LucusVertexTypes.h */,
				7AA4992A2416A2B3009C1ED7 /* LucusMath.h */,
				7AA499292416A2B3009C1ED7 /* LucusMath.cpp */,
			);
			name = "lucus-math";
			path = "../../src/lucus-math";
			sourceTree = "<group>";
		};
		7AB2AC7C2427466E0008C88D /* lucus-image-tga */ = {
			isa = PBXGroup;
			children = (
				7AB2AC7D2427466E0008C88D /* LucusImageFormatTGA.h */,
				7AB2AC7E2427466E0008C88D /* LucusImageFormatTGA.cpp */,
			);
			name = "lucus-image-tga";
			path = "../../src/lucus-image-tga";
			sourceTree = "<group>";
		};
		7AB2ACA0242753F60008C88D /* Products */ = {
			isa = PBXGroup;
			children = (
				7AB2ACA4242753F80008C88D /* libpng-ios.a */,
				7AB2AD6824275BDB0008C88D /* libpng-osx.a */,
			);
			name = Products;
			sourceTree = "<group>";
		};
		7AB2ACE12427547B0008C88D /* Products */ = {
			isa = PBXGroup;
			children = (
				7AB2ACE52427547C0008C88D /* zlib-ios.a */,
				7AB2AD6B24275BDB0008C88D /* zlib-osx.a */,
			);
			name = Products;
			sourceTree = "<group>";
		};
		7AB2AD6E24275C760008C88D /* lucus-image-png */ = {
			isa = PBXGroup;
			children = (
				7AB2AD6F24275C760008C88D /* LucusImageFormatPNG.h */,
				7AB2AD7024275C760008C88D /* LucusImageFormatPNG.cpp */,
			);
			name = "lucus-image-png";
			path = "../../src/lucus-image-png";
			sourceTree = "<group>";
		};
		7ADF910F23E6CA810094C83D /* Products */ = {
			isa = PBXGroup;
			children = (
				7ADF910E23E6CA810094C83D /* LucusGame.app */,
				7ADF912423E6CA810094C83D /* LucusGame.app */,
			);
			name = Products;
			sourceTree = "<group>";
		};
		7ADF911023E6CA810094C83D /* iOS */ = {
			isa = PBXGroup;
			children = (
				7ADF911D23E6CA810094C83D /* Info.plist */,
			);
			path = iOS;
			sourceTree = "<group>";
		};
		7ADF912523E6CA810094C83D /* macOS */ = {
			isa = PBXGroup;
			children = (
				7ADF912F23E6CA810094C83D /* Info.plist */,
			);
			path = macOS;
			sourceTree = "<group>";
		};
		7ADF914223E6D3080094C83D /* Application */ = {
			isa = PBXGroup;
			children = (
				7ADF913F23E6D07A0094C83D /* main.mm */,
				7A324B5923F5CEF8000C49DB /* AppDelegate.h */,
				7A324B5A23F5CEF8000C49DB /* AppDelegate.mm */,
				7ADF911023E6CA810094C83D /* iOS */,
				7ADF912523E6CA810094C83D /* macOS */,
			);
			path = Application;
			sourceTree = "<group>";
		};
		7ADF914323E6D36A0094C83D /* Frameworks */ = {
			isa = PBXGroup;
			children = (
				7AA498D0240249C0009C1ED7 /* libfbxsdk.a */,
				7ADF915223E704E00094C83D /* MetalKit.framework */,
				7ADF915023E704DA0094C83D /* Metal.framework */,
				7ADF914E23E704D10094C83D /* MetalKit.framework */,
				7ADF914C23E704CB0094C83D /* Metal.framework */,
				7ADF914623E6D3B80094C83D /* UIKit.framework */,
				7ADF914423E6D36B0094C83D /* Cocoa.framework */,
			);
			name = Frameworks;
			sourceTree = "<group>";
		};
/* End PBXGroup section */

/* Begin PBXNativeTarget section */
		7ADF910D23E6CA810094C83D /* LucusGame iOS */ = {
			isa = PBXNativeTarget;
			buildConfigurationList = 7ADF913C23E6CA810094C83D /* Build configuration list for PBXNativeTarget "LucusGame iOS" */;
			buildPhases = (
				7ADF910A23E6CA810094C83D /* Sources */,
				7ADF910B23E6CA810094C83D /* Frameworks */,
				7ADF910C23E6CA810094C83D /* Resources */,
			);
			buildRules = (
			);
			dependencies = (
			);
			name = "LucusGame iOS";
			productName = "LucusGame iOS";
			productReference = 7ADF910E23E6CA810094C83D /* LucusGame.app */;
			productType = "com.apple.product-type.application";
		};
		7ADF912323E6CA810094C83D /* LucusGame macOS */ = {
			isa = PBXNativeTarget;
			buildConfigurationList = 7ADF913D23E6CA810094C83D /* Build configuration list for PBXNativeTarget "LucusGame macOS" */;
			buildPhases = (
				7ADF912023E6CA810094C83D /* Sources */,
				7ADF912123E6CA810094C83D /* Frameworks */,
				7ADF912223E6CA810094C83D /* Resources */,
			);
			buildRules = (
			);
			dependencies = (
				7AB2AD6524275BDB0008C88D /* PBXTargetDependency */,
				7AB2AD6D24275BDF0008C88D /* PBXTargetDependency */,
			);
			name = "LucusGame macOS";
			productName = "LucusGame macOS";
			productReference = 7ADF912423E6CA810094C83D /* LucusGame.app */;
			productType = "com.apple.product-type.application";
		};
/* End PBXNativeTarget section */

/* Begin PBXProject section */
		7A83AE8623E6C3DE002E161C /* Project object */ = {
			isa = PBXProject;
			attributes = {
				LastUpgradeCheck = 1130;
				TargetAttributes = {
					7ADF910D23E6CA810094C83D = {
						CreatedOnToolsVersion = 11.3;
					};
					7ADF912323E6CA810094C83D = {
						CreatedOnToolsVersion = 11.3;
					};
				};
			};
			buildConfigurationList = 7A83AE8923E6C3DE002E161C /* Build configuration list for PBXProject "LucusGame" */;
			compatibilityVersion = "Xcode 9.3";
			developmentRegion = en;
			hasScannedForEncodings = 0;
			knownRegions = (
				en,
				Base,
			);
			mainGroup = 7A83AE8523E6C3DE002E161C;
			productRefGroup = 7ADF910F23E6CA810094C83D /* Products */;
			projectDirPath = "";
			projectReferences = (
				{
					ProductGroup = 7AB2ACA0242753F60008C88D /* Products */;
					ProjectRef = 7AB2AC9F242753F60008C88D /* libpng.xcodeproj */;
				},
				{
					ProductGroup = 7A885DA5243B37BF00EC2E74 /* Products */;
					ProjectRef = 7A885DA4243B37BF00EC2E74 /* tinyxml2.xcodeproj */;
				},
				{
					ProductGroup = 7AB2ACE12427547B0008C88D /* Products */;
					ProjectRef = 7AB2ACE02427547B0008C88D /* zlib.xcodeproj */;
				},
			);
			projectRoot = "";
			targets = (
				7ADF910D23E6CA810094C83D /* LucusGame iOS */,
				7ADF912323E6CA810094C83D /* LucusGame macOS */,
			);
		};
/* End PBXProject section */

/* Begin PBXReferenceProxy section */
		7A885DAA243B37C000EC2E74 /* libtinyxml2.a */ = {
			isa = PBXReferenceProxy;
			fileType = archive.ar;
			path = libtinyxml2.a;
			remoteRef = 7A885DA9243B37C000EC2E74 /* PBXContainerItemProxy */;
			sourceTree = BUILT_PRODUCTS_DIR;
		};
		7A885DCD243B38B500EC2E74 /* libtinyxml2-ios.a */ = {
			isa = PBXReferenceProxy;
			fileType = archive.ar;
			path = "libtinyxml2-ios.a";
			remoteRef = 7A885DCC243B38B500EC2E74 /* PBXContainerItemProxy */;
			sourceTree = BUILT_PRODUCTS_DIR;
		};
		7AB2ACA4242753F80008C88D /* libpng-ios.a */ = {
			isa = PBXReferenceProxy;
			fileType = archive.ar;
			path = "libpng-ios.a";
			remoteRef = 7AB2ACA3242753F80008C88D /* PBXContainerItemProxy */;
			sourceTree = BUILT_PRODUCTS_DIR;
		};
		7AB2ACE52427547C0008C88D /* zlib-ios.a */ = {
			isa = PBXReferenceProxy;
			fileType = archive.ar;
			path = "zlib-ios.a";
			remoteRef = 7AB2ACE42427547C0008C88D /* PBXContainerItemProxy */;
			sourceTree = BUILT_PRODUCTS_DIR;
		};
		7AB2AD6824275BDB0008C88D /* libpng-osx.a */ = {
			isa = PBXReferenceProxy;
			fileType = archive.ar;
			path = "libpng-osx.a";
			remoteRef = 7AB2AD6724275BDB0008C88D /* PBXContainerItemProxy */;
			sourceTree = BUILT_PRODUCTS_DIR;
		};
		7AB2AD6B24275BDB0008C88D /* zlib-osx.a */ = {
			isa = PBXReferenceProxy;
			fileType = archive.ar;
			path = "zlib-osx.a";
			remoteRef = 7AB2AD6A24275BDB0008C88D /* PBXContainerItemProxy */;
			sourceTree = BUILT_PRODUCTS_DIR;
		};
/* End PBXReferenceProxy section */

/* Begin PBXResourcesBuildPhase section */
		7ADF910C23E6CA810094C83D /* Resources */ = {
			isa = PBXResourcesBuildPhase;
			buildActionMask = 2147483647;
			files = (
				7AA498DC240458A3009C1ED7 /* Assets in Resources */,
			);
			runOnlyForDeploymentPostprocessing = 0;
		};
		7ADF912223E6CA810094C83D /* Resources */ = {
			isa = PBXResourcesBuildPhase;
			buildActionMask = 2147483647;
			files = (
				7AA498DD240458A3009C1ED7 /* Assets in Resources */,
			);
			runOnlyForDeploymentPostprocessing = 0;
		};
/* End PBXResourcesBuildPhase section */

/* Begin PBXSourcesBuildPhase section */
		7ADF910A23E6CA810094C83D /* Sources */ = {
			isa = PBXSourcesBuildPhase;
			buildActionMask = 2147483647;
			files = (
				7AA498FC2413BAA0009C1ED7 /* LucusSceneComponentProxy.cpp in Sources */,
				7AB2AC7B2427460D0008C88D /* LucusImage.cpp in Sources */,
				7AA499302416A737009C1ED7 /* LucusMetalComponentProxy.mm in Sources */,
				7AA499002413BAA0009C1ED7 /* LucusViewport.cpp in Sources */,
				7A885DD9243B900B00EC2E74 /* RotatedMeshComponent.cpp in Sources */,
				7AB2AC772427460D0008C88D /* LucusImageFormatManager.cpp in Sources */,
				7A324B5B23F5CEF8000C49DB /* AppDelegate.mm in Sources */,
				7AA498F42413BA7F009C1ED7 /* LucusWorld.cpp in Sources */,
				7A0C0DCB23F1E84200DE0B7D /* LucusRenderSystem.cpp in Sources */,
				7ADF914023E6D07A0094C83D /* main.mm in Sources */,
				7A324B7423FBBCDA000C49DB /* LucusMetalWindow.mm in Sources */,
				7A324B7D23FFA976000C49DB /* LucusFileSystem.cpp in Sources */,
				7AA498FE2413BAA0009C1ED7 /* LucusScene.cpp in Sources */,
				7A324B6823F5DEFD000C49DB /* host.cpp in Sources */,
				7A324B7023FBBCDA000C49DB /* LucusMetalRenderSystem.mm in Sources */,
				7AA499182416A2A6009C1ED7 /* LucusMeshFormat.cpp in Sources */,
				7AA4990724163E18009C1ED7 /* LucusTimeManager.cpp in Sources */,
				7A324B8E24013515000C49DB /* LucusMeshFormatFBX.cpp in Sources */,
				7A0C0DC623F1E83600DE0B7D /* LucusCore.cpp in Sources */,
				7AB2AC792427460D0008C88D /* LucusImageFormat.cpp in Sources */,
				7A884A4C2438E8D500EC2E74 /* LucusSceneComponent.cpp in Sources */,
				7AB2AC88242752DD0008C88D /* LucusTexture.cpp in Sources */,
				7AA4991A2416A2A6009C1ED7 /* LucusMesh.cpp in Sources */,
				7A885DDB243B900B00EC2E74 /* GameWorld.cpp in Sources */,
				7AA499262416A2A6009C1ED7 /* LucusMeshFormatManager.cpp in Sources */,
				7A884A462438E8C000EC2E74 /* LucusQuaternion.cpp in Sources */,
				7A0C0DE223F3CAB500DE0B7D /* LucusMetalView.mm in Sources */,
				7AA498F22413BA7F009C1ED7 /* LucusActor.cpp in Sources */,
				7AA498EA2413BA7F009C1ED7 /* LucusCameraComponent.cpp in Sources */,
				7AA4991C2416A2A6009C1ED7 /* DefaultShader.metal in Sources */,
				7AA4992B2416A2B3009C1ED7 /* LucusMath.cpp in Sources */,
				7AA498F02413BA7F009C1ED7 /* LucusMeshComponent.cpp in Sources */,
				7A884A442438E8C000EC2E74 /* LucusVector.cpp in Sources */,
				7AA498EC2413BA7F009C1ED7 /* LucusTransform.cpp in Sources */,
				7AB2AD7124275C760008C88D /* LucusImageFormatPNG.cpp in Sources */,
				7A884A482438E8C000EC2E74 /* LucusMatrix.cpp in Sources */,
				7AB2AC822427466E0008C88D /* LucusImageFormatTGA.cpp in Sources */,
				7A885DD2243B8FF700EC2E74 /* LucusResourceManager.cpp in Sources */,
				7A324B7823FBBCEA000C49DB /* LucusRenderWindow.cpp in Sources */,
				7A324B7223FBBCDA000C49DB /* LucusMetalDevice.mm in Sources */,
				7AA498EE2413BA7F009C1ED7 /* LucusComponent.cpp in Sources */,
			);
			runOnlyForDeploymentPostprocessing = 0;
		};
		7ADF912023E6CA810094C83D /* Sources */ = {
			isa = PBXSourcesBuildPhase;
			buildActionMask = 2147483647;
			files = (
				7AA498FD2413BAA0009C1ED7 /* LucusSceneComponentProxy.cpp in Sources */,
				7AB2AC7A2427460D0008C88D /* LucusImage.cpp in Sources */,
				7AA499312416A737009C1ED7 /* LucusMetalComponentProxy.mm in Sources */,
				7AA499012413BAA0009C1ED7 /* LucusViewport.cpp in Sources */,
				7A885DDA243B900B00EC2E74 /* RotatedMeshComponent.cpp in Sources */,
				7AB2AC762427460D0008C88D /* LucusImageFormatManager.cpp in Sources */,
				7A0C0DCC23F1E84200DE0B7D /* LucusRenderSystem.cpp in Sources */,
				7AA498F52413BA7F009C1ED7 /* LucusWorld.cpp in Sources */,
				7A0C0DDD23F338BC00DE0B7D /* host.cpp in Sources */,
				7A0C0DE123F3CAAF00DE0B7D /* LucusMetalView.mm in Sources */,
				7A324B7523FBBCDA000C49DB /* LucusMetalWindow.mm in Sources */,
				7A324B7E23FFA976000C49DB /* LucusFileSystem.cpp in Sources */,
				7AA498FF2413BAA0009C1ED7 /* LucusScene.cpp in Sources */,
				7ADF914123E6D07A0094C83D /* main.mm in Sources */,
				7A324B7123FBBCDA000C49DB /* LucusMetalRenderSystem.mm in Sources */,
				7AA499192416A2A6009C1ED7 /* LucusMeshFormat.cpp in Sources */,
				7AA4990824163E19009C1ED7 /* LucusTimeManager.cpp in Sources */,
				7A324B8F24013515000C49DB /* LucusMeshFormatFBX.cpp in Sources */,
				7A324B5C23F5CEF8000C49DB /* AppDelegate.mm in Sources */,
				7AB2AC782427460D0008C88D /* LucusImageFormat.cpp in Sources */,
				7A884A4D2438E8D500EC2E74 /* LucusSceneComponent.cpp in Sources */,
				7AB2AC89242752DD0008C88D /* LucusTexture.cpp in Sources */,
				7AA4991B2416A2A6009C1ED7 /* LucusMesh.cpp in Sources */,
				7A885DDC243B900B00EC2E74 /* GameWorld.cpp in Sources */,
				7AA499272416A2A6009C1ED7 /* LucusMeshFormatManager.cpp in Sources */,
				7A884A472438E8C000EC2E74 /* LucusQuaternion.cpp in Sources */,
				7A0C0DC723F1E83600DE0B7D /* LucusCore.cpp in Sources */,
				7AA498F32413BA7F009C1ED7 /* LucusActor.cpp in Sources */,
				7AA498EB2413BA7F009C1ED7 /* LucusCameraComponent.cpp in Sources */,
				7AA4991D2416A2A6009C1ED7 /* DefaultShader.metal in Sources */,
				7AA4992C2416A2B3009C1ED7 /* LucusMath.cpp in Sources */,
				7AA498F12413BA7F009C1ED7 /* LucusMeshComponent.cpp in Sources */,
				7A884A452438E8C000EC2E74 /* LucusVector.cpp in Sources */,
				7AA498ED2413BA7F009C1ED7 /* LucusTransform.cpp in Sources */,
				7AB2AD7224275C760008C88D /* LucusImageFormatPNG.cpp in Sources */,
				7A884A492438E8C000EC2E74 /* LucusMatrix.cpp in Sources */,
				7AB2AC832427466E0008C88D /* LucusImageFormatTGA.cpp in Sources */,
				7A885DD3243B8FF700EC2E74 /* LucusResourceManager.cpp in Sources */,
				7A324B7923FBBCEA000C49DB /* LucusRenderWindow.cpp in Sources */,
				7A324B7323FBBCDA000C49DB /* LucusMetalDevice.mm in Sources */,
				7AA498EF2413BA7F009C1ED7 /* LucusComponent.cpp in Sources */,
			);
			runOnlyForDeploymentPostprocessing = 0;
		};
/* End PBXSourcesBuildPhase section */

/* Begin PBXTargetDependency section */
		7AB2AD6524275BDB0008C88D /* PBXTargetDependency */ = {
			isa = PBXTargetDependency;
			name = "zlib-osx";
			targetProxy = 7AB2AD6424275BDB0008C88D /* PBXContainerItemProxy */;
		};
		7AB2AD6D24275BDF0008C88D /* PBXTargetDependency */ = {
			isa = PBXTargetDependency;
			name = "libpng-osx";
			targetProxy = 7AB2AD6C24275BDF0008C88D /* PBXContainerItemProxy */;
		};
/* End PBXTargetDependency section */

/* Begin XCBuildConfiguration section */
		7A83AE8A23E6C3DE002E161C /* Debug */ = {
			isa = XCBuildConfiguration;
			buildSettings = {
				GCC_PREPROCESSOR_DEFINITIONS = TARGET_METAL;
				HEADER_SEARCH_PATHS = (
					"$PROJECT_DIR/../../3rdparty/fbx-sdk-osx/include",
					$PROJECT_DIR/../../3rdparty/zlib,
					$PROJECT_DIR/../../3rdparty/tinyxml2,
					$PROJECT_DIR/../../3rdparty/libpng,
					"$PROJECT_DIR/../../src/lucus-common",
					"$PROJECT_DIR/../../src/lucus-common/mac",
				);
				MTL_HEADER_SEARCH_PATHS = "$PROJECT_DIR/../../src/lucus-render $PROJECT_DIR/../../src/lucus-sim $PROJECT_DIR/../../src/lucus-core";
				MTL_PREPROCESSOR_DEFINITIONS = "TARGET_METAL TARGET_METAL_COMPILER";
				OTHER_CFLAGS = "";
				OTHER_CPLUSPLUSFLAGS = "$(OTHER_CFLAGS)";
			};
			name = Debug;
		};
		7A83AE8B23E6C3DE002E161C /* Release */ = {
			isa = XCBuildConfiguration;
			buildSettings = {
				GCC_PREPROCESSOR_DEFINITIONS = TARGET_METAL;
				HEADER_SEARCH_PATHS = (
					"$PROJECT_DIR/../../3rdparty/fbx-sdk-osx/include",
					$PROJECT_DIR/../../3rdparty/zlib,
					$PROJECT_DIR/../../3rdparty/tinyxml2,
					$PROJECT_DIR/../../3rdparty/libpng,
					"$PROJECT_DIR/../../src/lucus-common",
					"$PROJECT_DIR/../../src/lucus-common/mac",
				);
				MTL_HEADER_SEARCH_PATHS = "$PROJECT_DIR/../../src/lucus-render $PROJECT_DIR/../../src/lucus-sim $PROJECT_DIR/../../src/lucus-core";
				MTL_PREPROCESSOR_DEFINITIONS = "TARGET_METAL TARGET_METAL_COMPILER";
				OTHER_CFLAGS = "";
				OTHER_CPLUSPLUSFLAGS = "$(OTHER_CFLAGS)";
			};
			name = Release;
		};
		7ADF913823E6CA810094C83D /* Debug */ = {
			isa = XCBuildConfiguration;
			buildSettings = {
				ALWAYS_SEARCH_USER_PATHS = NO;
				CLANG_ANALYZER_NONNULL = YES;
				CLANG_ANALYZER_NUMBER_OBJECT_CONVERSION = YES_AGGRESSIVE;
				CLANG_CXX_LANGUAGE_STANDARD = "gnu++14";
				CLANG_CXX_LIBRARY = "libc++";
				CLANG_ENABLE_MODULES = YES;
				CLANG_ENABLE_OBJC_ARC = YES;
				CLANG_ENABLE_OBJC_WEAK = YES;
				CLANG_WARN_BLOCK_CAPTURE_AUTORELEASING = YES;
				CLANG_WARN_BOOL_CONVERSION = YES;
				CLANG_WARN_COMMA = YES;
				CLANG_WARN_CONSTANT_CONVERSION = YES;
				CLANG_WARN_DEPRECATED_OBJC_IMPLEMENTATIONS = YES;
				CLANG_WARN_DIRECT_OBJC_ISA_USAGE = YES_ERROR;
				CLANG_WARN_DOCUMENTATION_COMMENTS = NO;
				CLANG_WARN_EMPTY_BODY = YES;
				CLANG_WARN_ENUM_CONVERSION = YES;
				CLANG_WARN_INFINITE_RECURSION = YES;
				CLANG_WARN_INT_CONVERSION = YES;
				CLANG_WARN_NON_LITERAL_NULL_CONVERSION = YES;
				CLANG_WARN_OBJC_IMPLICIT_RETAIN_SELF = YES;
				CLANG_WARN_OBJC_LITERAL_CONVERSION = YES;
				CLANG_WARN_OBJC_ROOT_CLASS = YES_ERROR;
				CLANG_WARN_RANGE_LOOP_ANALYSIS = YES;
				CLANG_WARN_STRICT_PROTOTYPES = YES;
				CLANG_WARN_SUSPICIOUS_MOVE = YES;
				CLANG_WARN_UNGUARDED_AVAILABILITY = YES_AGGRESSIVE;
				CLANG_WARN_UNREACHABLE_CODE = YES;
				CLANG_WARN__DUPLICATE_METHOD_MATCH = YES;
				CODE_SIGN_STYLE = Automatic;
				COPY_PHASE_STRIP = NO;
				DEBUG_INFORMATION_FORMAT = dwarf;
				DEVELOPMENT_TEAM = C7KPBPZ9WD;
				ENABLE_STRICT_OBJC_MSGSEND = YES;
				ENABLE_TESTABILITY = YES;
				GCC_C_LANGUAGE_STANDARD = gnu11;
				GCC_DYNAMIC_NO_PIC = NO;
				GCC_NO_COMMON_BLOCKS = YES;
				GCC_OPTIMIZATION_LEVEL = 0;
				GCC_PREPROCESSOR_DEFINITIONS = (
					TARGET_IOS,
					"DEBUG=1",
					"$(inherited)",
				);
				GCC_WARN_64_TO_32_BIT_CONVERSION = YES;
				GCC_WARN_ABOUT_RETURN_TYPE = YES_ERROR;
				GCC_WARN_UNDECLARED_SELECTOR = YES;
				GCC_WARN_UNINITIALIZED_AUTOS = YES_AGGRESSIVE;
				GCC_WARN_UNUSED_FUNCTION = YES;
				GCC_WARN_UNUSED_VARIABLE = YES;
				HEADER_SEARCH_PATHS = $inherited;
				INFOPLIST_FILE = Application/iOS/Info.plist;
				IPHONEOS_DEPLOYMENT_TARGET = 13.2;
				LD_RUNPATH_SEARCH_PATHS = (
					"$(inherited)",
					"@executable_path/Frameworks",
				);
				LIBRARY_SEARCH_PATHS = "$PROJECT_DIR/../../3rdparty/fbx-sdk-osx/lib/ios/debug";
				MTL_ENABLE_DEBUG_INFO = INCLUDE_SOURCE;
				MTL_FAST_MATH = YES;
				MTL_HEADER_SEARCH_PATHS = $inherited;
				ONLY_ACTIVE_ARCH = YES;
				PRODUCT_BUNDLE_IDENTIFIER = org.razielsun.LucusGame;
				PRODUCT_NAME = LucusGame;
				SDKROOT = iphoneos;
				TARGETED_DEVICE_FAMILY = "1,2";
				VALID_ARCHS = "arm64 arm64e";
			};
			name = Debug;
		};
		7ADF913923E6CA810094C83D /* Release */ = {
			isa = XCBuildConfiguration;
			buildSettings = {
				ALWAYS_SEARCH_USER_PATHS = NO;
				CLANG_ANALYZER_NONNULL = YES;
				CLANG_ANALYZER_NUMBER_OBJECT_CONVERSION = YES_AGGRESSIVE;
				CLANG_CXX_LANGUAGE_STANDARD = "gnu++14";
				CLANG_CXX_LIBRARY = "libc++";
				CLANG_ENABLE_MODULES = YES;
				CLANG_ENABLE_OBJC_ARC = YES;
				CLANG_ENABLE_OBJC_WEAK = YES;
				CLANG_WARN_BLOCK_CAPTURE_AUTORELEASING = YES;
				CLANG_WARN_BOOL_CONVERSION = YES;
				CLANG_WARN_COMMA = YES;
				CLANG_WARN_CONSTANT_CONVERSION = YES;
				CLANG_WARN_DEPRECATED_OBJC_IMPLEMENTATIONS = YES;
				CLANG_WARN_DIRECT_OBJC_ISA_USAGE = YES_ERROR;
				CLANG_WARN_DOCUMENTATION_COMMENTS = NO;
				CLANG_WARN_EMPTY_BODY = YES;
				CLANG_WARN_ENUM_CONVERSION = YES;
				CLANG_WARN_INFINITE_RECURSION = YES;
				CLANG_WARN_INT_CONVERSION = YES;
				CLANG_WARN_NON_LITERAL_NULL_CONVERSION = YES;
				CLANG_WARN_OBJC_IMPLICIT_RETAIN_SELF = YES;
				CLANG_WARN_OBJC_LITERAL_CONVERSION = YES;
				CLANG_WARN_OBJC_ROOT_CLASS = YES_ERROR;
				CLANG_WARN_RANGE_LOOP_ANALYSIS = YES;
				CLANG_WARN_STRICT_PROTOTYPES = YES;
				CLANG_WARN_SUSPICIOUS_MOVE = YES;
				CLANG_WARN_UNGUARDED_AVAILABILITY = YES_AGGRESSIVE;
				CLANG_WARN_UNREACHABLE_CODE = YES;
				CLANG_WARN__DUPLICATE_METHOD_MATCH = YES;
				CODE_SIGN_STYLE = Automatic;
				COPY_PHASE_STRIP = NO;
				DEBUG_INFORMATION_FORMAT = "dwarf-with-dsym";
				DEVELOPMENT_TEAM = C7KPBPZ9WD;
				ENABLE_NS_ASSERTIONS = NO;
				ENABLE_STRICT_OBJC_MSGSEND = YES;
				GCC_C_LANGUAGE_STANDARD = gnu11;
				GCC_NO_COMMON_BLOCKS = YES;
				GCC_PREPROCESSOR_DEFINITIONS = (
					TARGET_IOS,
					"$(inherited)",
				);
				GCC_WARN_64_TO_32_BIT_CONVERSION = YES;
				GCC_WARN_ABOUT_RETURN_TYPE = YES_ERROR;
				GCC_WARN_UNDECLARED_SELECTOR = YES;
				GCC_WARN_UNINITIALIZED_AUTOS = YES_AGGRESSIVE;
				GCC_WARN_UNUSED_FUNCTION = YES;
				GCC_WARN_UNUSED_VARIABLE = YES;
				HEADER_SEARCH_PATHS = $inherited;
				INFOPLIST_FILE = Application/iOS/Info.plist;
				IPHONEOS_DEPLOYMENT_TARGET = 13.2;
				LD_RUNPATH_SEARCH_PATHS = (
					"$(inherited)",
					"@executable_path/Frameworks",
				);
				LIBRARY_SEARCH_PATHS = "$PROJECT_DIR/../../3rdparty/fbx-sdk-osx/lib/ios/release";
				MTL_ENABLE_DEBUG_INFO = NO;
				MTL_FAST_MATH = YES;
				MTL_HEADER_SEARCH_PATHS = $inherited;
				PRODUCT_BUNDLE_IDENTIFIER = org.razielsun.LucusGame;
				PRODUCT_NAME = LucusGame;
				SDKROOT = iphoneos;
				TARGETED_DEVICE_FAMILY = "1,2";
				VALIDATE_PRODUCT = YES;
				VALID_ARCHS = "arm64 arm64e";
			};
			name = Release;
		};
		7ADF913A23E6CA810094C83D /* Debug */ = {
			isa = XCBuildConfiguration;
			buildSettings = {
				ALWAYS_SEARCH_USER_PATHS = NO;
				CLANG_ANALYZER_NONNULL = YES;
				CLANG_ANALYZER_NUMBER_OBJECT_CONVERSION = YES_AGGRESSIVE;
				CLANG_CXX_LANGUAGE_STANDARD = "c++14";
				CLANG_CXX_LIBRARY = "libc++";
				CLANG_ENABLE_MODULES = YES;
				CLANG_ENABLE_OBJC_ARC = YES;
				CLANG_ENABLE_OBJC_WEAK = YES;
				CLANG_WARN_BLOCK_CAPTURE_AUTORELEASING = YES;
				CLANG_WARN_BOOL_CONVERSION = YES;
				CLANG_WARN_COMMA = YES;
				CLANG_WARN_CONSTANT_CONVERSION = YES;
				CLANG_WARN_DEPRECATED_OBJC_IMPLEMENTATIONS = YES;
				CLANG_WARN_DIRECT_OBJC_ISA_USAGE = YES_ERROR;
				CLANG_WARN_DOCUMENTATION_COMMENTS = NO;
				CLANG_WARN_EMPTY_BODY = YES;
				CLANG_WARN_ENUM_CONVERSION = YES;
				CLANG_WARN_INFINITE_RECURSION = YES;
				CLANG_WARN_INT_CONVERSION = YES;
				CLANG_WARN_NON_LITERAL_NULL_CONVERSION = YES;
				CLANG_WARN_OBJC_IMPLICIT_RETAIN_SELF = YES;
				CLANG_WARN_OBJC_LITERAL_CONVERSION = YES;
				CLANG_WARN_OBJC_ROOT_CLASS = YES_ERROR;
				CLANG_WARN_RANGE_LOOP_ANALYSIS = YES;
				CLANG_WARN_STRICT_PROTOTYPES = YES;
				CLANG_WARN_SUSPICIOUS_MOVE = YES;
				CLANG_WARN_UNGUARDED_AVAILABILITY = YES_AGGRESSIVE;
				CLANG_WARN_UNREACHABLE_CODE = YES;
				CLANG_WARN__DUPLICATE_METHOD_MATCH = YES;
				CODE_SIGN_IDENTITY = "-";
				CODE_SIGN_STYLE = Automatic;
				COMBINE_HIDPI_IMAGES = YES;
				COPY_PHASE_STRIP = NO;
				DEBUG_INFORMATION_FORMAT = dwarf;
				DEVELOPMENT_TEAM = C7KPBPZ9WD;
				ENABLE_HARDENED_RUNTIME = YES;
				ENABLE_STRICT_OBJC_MSGSEND = YES;
				ENABLE_TESTABILITY = YES;
				GCC_C_LANGUAGE_STANDARD = "compiler-default";
				GCC_DYNAMIC_NO_PIC = NO;
				GCC_NO_COMMON_BLOCKS = YES;
				GCC_OPTIMIZATION_LEVEL = 0;
				GCC_PREPROCESSOR_DEFINITIONS = (
					TARGET_OSX,
					"DEBUG=1",
					"$(inherited)",
				);
				GCC_WARN_64_TO_32_BIT_CONVERSION = YES;
				GCC_WARN_ABOUT_RETURN_TYPE = YES_ERROR;
				GCC_WARN_UNDECLARED_SELECTOR = YES;
				GCC_WARN_UNINITIALIZED_AUTOS = YES_AGGRESSIVE;
				GCC_WARN_UNUSED_FUNCTION = YES;
				GCC_WARN_UNUSED_VARIABLE = YES;
				HEADER_SEARCH_PATHS = $inherited;
				INFOPLIST_FILE = Application/macOS/Info.plist;
				LD_RUNPATH_SEARCH_PATHS = (
					"$(inherited)",
					"@executable_path/../Frameworks",
				);
				LIBRARY_SEARCH_PATHS = "$PROJECT_DIR/../../3rdparty/fbx-sdk-osx/lib/clang/debug";
				MACOSX_DEPLOYMENT_TARGET = 10.14;
				MTL_ENABLE_DEBUG_INFO = INCLUDE_SOURCE;
				MTL_FAST_MATH = YES;
				MTL_HEADER_SEARCH_PATHS = $inherited;
				ONLY_ACTIVE_ARCH = YES;
				OTHER_CFLAGS = (
					"-include",
					"\"MacPlatform.h\"",
				);
				PRODUCT_BUNDLE_IDENTIFIER = org.razielsun.LucusGame;
				PRODUCT_NAME = LucusGame;
				SDKROOT = macosx;
			};
			name = Debug;
		};
		7ADF913B23E6CA810094C83D /* Release */ = {
			isa = XCBuildConfiguration;
			buildSettings = {
				ALWAYS_SEARCH_USER_PATHS = NO;
				CLANG_ANALYZER_NONNULL = YES;
				CLANG_ANALYZER_NUMBER_OBJECT_CONVERSION = YES_AGGRESSIVE;
				CLANG_CXX_LANGUAGE_STANDARD = "c++14";
				CLANG_CXX_LIBRARY = "libc++";
				CLANG_ENABLE_MODULES = YES;
				CLANG_ENABLE_OBJC_ARC = YES;
				CLANG_ENABLE_OBJC_WEAK = YES;
				CLANG_WARN_BLOCK_CAPTURE_AUTORELEASING = YES;
				CLANG_WARN_BOOL_CONVERSION = YES;
				CLANG_WARN_COMMA = YES;
				CLANG_WARN_CONSTANT_CONVERSION = YES;
				CLANG_WARN_DEPRECATED_OBJC_IMPLEMENTATIONS = YES;
				CLANG_WARN_DIRECT_OBJC_ISA_USAGE = YES_ERROR;
				CLANG_WARN_DOCUMENTATION_COMMENTS = NO;
				CLANG_WARN_EMPTY_BODY = YES;
				CLANG_WARN_ENUM_CONVERSION = YES;
				CLANG_WARN_INFINITE_RECURSION = YES;
				CLANG_WARN_INT_CONVERSION = YES;
				CLANG_WARN_NON_LITERAL_NULL_CONVERSION = YES;
				CLANG_WARN_OBJC_IMPLICIT_RETAIN_SELF = YES;
				CLANG_WARN_OBJC_LITERAL_CONVERSION = YES;
				CLANG_WARN_OBJC_ROOT_CLASS = YES_ERROR;
				CLANG_WARN_RANGE_LOOP_ANALYSIS = YES;
				CLANG_WARN_STRICT_PROTOTYPES = YES;
				CLANG_WARN_SUSPICIOUS_MOVE = YES;
				CLANG_WARN_UNGUARDED_AVAILABILITY = YES_AGGRESSIVE;
				CLANG_WARN_UNREACHABLE_CODE = YES;
				CLANG_WARN__DUPLICATE_METHOD_MATCH = YES;
				CODE_SIGN_IDENTITY = "-";
				CODE_SIGN_STYLE = Automatic;
				COMBINE_HIDPI_IMAGES = YES;
				COPY_PHASE_STRIP = NO;
				DEBUG_INFORMATION_FORMAT = "dwarf-with-dsym";
				DEVELOPMENT_TEAM = C7KPBPZ9WD;
				ENABLE_HARDENED_RUNTIME = YES;
				ENABLE_NS_ASSERTIONS = NO;
				ENABLE_STRICT_OBJC_MSGSEND = YES;
				GCC_C_LANGUAGE_STANDARD = "compiler-default";
				GCC_NO_COMMON_BLOCKS = YES;
				GCC_PREPROCESSOR_DEFINITIONS = (
					TARGET_OSX,
					"$(inherited)",
				);
				GCC_WARN_64_TO_32_BIT_CONVERSION = YES;
				GCC_WARN_ABOUT_RETURN_TYPE = YES_ERROR;
				GCC_WARN_UNDECLARED_SELECTOR = YES;
				GCC_WARN_UNINITIALIZED_AUTOS = YES_AGGRESSIVE;
				GCC_WARN_UNUSED_FUNCTION = YES;
				GCC_WARN_UNUSED_VARIABLE = YES;
				HEADER_SEARCH_PATHS = $inherited;
				INFOPLIST_FILE = Application/macOS/Info.plist;
				LD_RUNPATH_SEARCH_PATHS = (
					"$(inherited)",
					"@executable_path/../Frameworks",
				);
				LIBRARY_SEARCH_PATHS = "$PROJECT_DIR/../../3rdparty/fbx-sdk-osx/lib/clang/release";
				MACOSX_DEPLOYMENT_TARGET = 10.14;
				MTL_ENABLE_DEBUG_INFO = NO;
				MTL_FAST_MATH = YES;
				MTL_HEADER_SEARCH_PATHS = $inherited;
				OTHER_CFLAGS = (
					"-include",
					"\"MacPlatform.h\"",
				);
				PRODUCT_BUNDLE_IDENTIFIER = org.razielsun.LucusGame;
				PRODUCT_NAME = LucusGame;
				SDKROOT = macosx;
			};
			name = Release;
		};
/* End XCBuildConfiguration section */

/* Begin XCConfigurationList section */
		7A83AE8923E6C3DE002E161C /* Build configuration list for PBXProject "LucusGame" */ = {
			isa = XCConfigurationList;
			buildConfigurations = (
				7A83AE8A23E6C3DE002E161C /* Debug */,
				7A83AE8B23E6C3DE002E161C /* Release */,
			);
			defaultConfigurationIsVisible = 0;
			defaultConfigurationName = Release;
		};
		7ADF913C23E6CA810094C83D /* Build configuration list for PBXNativeTarget "LucusGame iOS" */ = {
			isa = XCConfigurationList;
			buildConfigurations = (
				7ADF913823E6CA810094C83D /* Debug */,
				7ADF913923E6CA810094C83D /* Release */,
			);
			defaultConfigurationIsVisible = 0;
			defaultConfigurationName = Release;
		};
		7ADF913D23E6CA810094C83D /* Build configuration list for PBXNativeTarget "LucusGame macOS" */ = {
			isa = XCConfigurationList;
			buildConfigurations = (
				7ADF913A23E6CA810094C83D /* Debug */,
				7ADF913B23E6CA810094C83D /* Release */,
			);
			defaultConfigurationIsVisible = 0;
			defaultConfigurationName = Release;
		};
/* End XCConfigurationList section */
	};
	rootObject = 7A83AE8623E6C3DE002E161C /* Project object */;
}
