<?xml version="1.0" encoding="utf-8"?>
<Project ToolsVersion="15.0" xmlns="http://schemas.microsoft.com/developer/msbuild/2003">
  <ItemGroup>
    <Filter Include="Assets">
      <UniqueIdentifier>772a2456-77fb-440e-b445-4ee08c8eea09</UniqueIdentifier>
      <Extensions>bmp;fbx;gif;jpg;jpeg;tga;tiff;tif;png;fbx</Extensions>
    </Filter>
    <Filter Include="lucus-core">
      <UniqueIdentifier>{953d7fa6-e70b-40ec-9f6f-06315a81d2ae}</UniqueIdentifier>
    </Filter>
    <Filter Include="lucus-render">
      <UniqueIdentifier>{e66b7865-c705-4a64-aee1-efb6971e749e}</UniqueIdentifier>
    </Filter>
    <Filter Include="lucus-render\DirectX12">
      <UniqueIdentifier>{b47ed00b-f4a4-4b3e-83c7-1833050790e8}</UniqueIdentifier>
    </Filter>
    <Filter Include="d3d12">
      <UniqueIdentifier>{53a294a5-ba88-44f4-9a82-079a9d53e5c8}</UniqueIdentifier>
    </Filter>
    <Filter Include="Shaders">
      <UniqueIdentifier>{b0296d3f-87f4-41ba-bf2c-23e541bb8e80}</UniqueIdentifier>
      <Extensions>hlsl</Extensions>
    </Filter>
    <Filter Include="lucus-mesh-fbx">
      <UniqueIdentifier>{8f5b5410-db56-4a42-8014-5aa563c40e42}</UniqueIdentifier>
    </Filter>
    <Filter Include="AppIcons">
      <UniqueIdentifier>{b7490192-5860-4d4e-a1fd-f94c4cfd3140}</UniqueIdentifier>
      <Extensions>bmp;fbx;gif;jpg;jpeg;tga;tiff;tif;png</Extensions>
    </Filter>
    <Filter Include="lucus-math">
      <UniqueIdentifier>{fbd2810a-7e53-4a88-a065-51410bf3ad26}</UniqueIdentifier>
    </Filter>
    <Filter Include="lucus-resources">
      <UniqueIdentifier>{015fad63-db8e-416e-88c7-a87889e7e576}</UniqueIdentifier>
    </Filter>
    <Filter Include="lucus-image-tga">
      <UniqueIdentifier>{11f6232b-94e8-4775-b4c2-b26c86e28b04}</UniqueIdentifier>
    </Filter>
    <Filter Include="lucus-image-png">
      <UniqueIdentifier>{eab2d6ab-346d-4532-9947-fdf3cb8cb786}</UniqueIdentifier>
    </Filter>
    <Filter Include="Assets\Meshes">
      <UniqueIdentifier>{180b1ff4-64b4-40b0-97f8-c2f6a16f468c}</UniqueIdentifier>
      <Extensions>fbx</Extensions>
    </Filter>
    <Filter Include="Assets\Textures">
      <UniqueIdentifier>{3de35cba-d855-4f48-9deb-171f2075da05}</UniqueIdentifier>
      <Extensions>bmp;fbx;gif;jpg;jpeg;tga;tiff;tif;png</Extensions>
    </Filter>
    <Filter Include="lucus-memory">
      <UniqueIdentifier>{708a13ae-1a07-41e4-89f3-4561731ad1e9}</UniqueIdentifier>
    </Filter>
    <Filter Include="lucus-framework">
      <UniqueIdentifier>{17856899-df62-4e8a-90e9-7eb725789cd5}</UniqueIdentifier>
    </Filter>
    <Filter Include="Assets\Scripts">
      <UniqueIdentifier>{0bb0724d-4b4c-4ec7-a672-91c481c6061b}</UniqueIdentifier>
    </Filter>
  </ItemGroup>
  <ItemGroup>
    <ClCompile Include="..\..\..\src\lucus-render\LucusRenderSystem.cpp">
      <Filter>lucus-render</Filter>
    </ClCompile>
    <ClCompile Include="main.cpp" />
    <ClCompile Include="..\..\..\src\lucus-render\LucusRenderWindow.cpp">
      <Filter>lucus-render</Filter>
    </ClCompile>
    <ClCompile Include="..\..\..\src\lucus-render\DirectX12\LucusD3D12Device.cpp">
      <Filter>lucus-render\DirectX12</Filter>
    </ClCompile>
    <ClCompile Include="..\..\..\src\lucus-render\DirectX12\LucusD3D12RenderSystem.cpp">
      <Filter>lucus-render\DirectX12</Filter>
    </ClCompile>
    <ClCompile Include="..\..\..\src\lucus-render\DirectX12\LucusD3D12Window.cpp">
      <Filter>lucus-render\DirectX12</Filter>
    </ClCompile>
    <ClCompile Include="..\..\..\src\lucus-mesh-fbx\LucusMeshFormatFBX.cpp">
      <Filter>lucus-mesh-fbx</Filter>
    </ClCompile>
    <ClCompile Include="..\..\..\src\lucus-resources\LucusMesh.cpp">
      <Filter>lucus-resources</Filter>
    </ClCompile>
    <ClCompile Include="..\..\..\src\lucus-resources\LucusMeshFormat.cpp">
      <Filter>lucus-resources</Filter>
    </ClCompile>
    <ClCompile Include="..\..\..\src\lucus-resources\LucusMeshFormatManager.cpp">
      <Filter>lucus-resources</Filter>
    </ClCompile>
    <ClCompile Include="..\..\..\src\lucus-math\LucusMath.cpp">
      <Filter>lucus-math</Filter>
    </ClCompile>
    <ClCompile Include="..\..\..\src\lucus-render\LucusScene.cpp">
      <Filter>lucus-render</Filter>
    </ClCompile>
    <ClCompile Include="..\..\..\src\lucus-render\LucusViewport.cpp">
      <Filter>lucus-render</Filter>
    </ClCompile>
    <ClCompile Include="..\..\..\src\lucus-render\DirectX12\LucusD3D12ComponentProxy.cpp">
      <Filter>lucus-render\DirectX12</Filter>
    </ClCompile>
    <ClCompile Include="..\..\..\src\lucus-resources\LucusImage.cpp">
      <Filter>lucus-resources</Filter>
    </ClCompile>
    <ClCompile Include="..\..\..\src\lucus-resources\LucusImageFormat.cpp">
      <Filter>lucus-resources</Filter>
    </ClCompile>
    <ClCompile Include="..\..\..\src\lucus-resources\LucusImageFormatManager.cpp">
      <Filter>lucus-resources</Filter>
    </ClCompile>
    <ClCompile Include="..\..\..\src\lucus-image-tga\LucusImageFormatTGA.cpp">
      <Filter>lucus-image-tga</Filter>
    </ClCompile>
    <ClCompile Include="..\..\..\src\lucus-image-png\LucusImageFormatPNG.cpp">
      <Filter>lucus-image-png</Filter>
    </ClCompile>
    <ClCompile Include="..\..\..\src\lucus-math\LucusMatrix.cpp">
      <Filter>lucus-math</Filter>
    </ClCompile>
    <ClCompile Include="..\..\..\src\lucus-math\LucusQuaternion.cpp">
      <Filter>lucus-math</Filter>
    </ClCompile>
    <ClCompile Include="..\..\..\src\lucus-math\LucusRotator.cpp">
      <Filter>lucus-math</Filter>
    </ClCompile>
    <ClCompile Include="..\..\..\src\lucus-math\LucusVector.cpp">
      <Filter>lucus-math</Filter>
    </ClCompile>
    <ClCompile Include="..\..\..\src\lucus-resources\LucusResourceManager.cpp">
      <Filter>lucus-resources</Filter>
    </ClCompile>
    <ClCompile Include="..\..\..\src\lucus-render\LucusSceneComponentProxy.cpp">
      <Filter>lucus-render</Filter>
    </ClCompile>
    <ClCompile Include="..\..\..\src\lucus-memory\LucusMemory.cpp">
      <Filter>lucus-memory</Filter>
    </ClCompile>
    <ClCompile Include="..\..\..\src\lucus-memory\LucusMemoryManager.cpp">
      <Filter>lucus-memory</Filter>
    </ClCompile>
    <ClCompile Include="..\..\..\src\lucus-memory\LucusModuleAllocator.cpp">
      <Filter>lucus-memory</Filter>
    </ClCompile>
    <ClCompile Include="..\..\..\src\lucus-memory\LucusStackAllocator.cpp">
      <Filter>lucus-memory</Filter>
    </ClCompile>
    <ClCompile Include="..\..\..\src\lucus-framework\LucusActor.cpp">
      <Filter>lucus-framework</Filter>
    </ClCompile>
    <ClCompile Include="..\..\..\src\lucus-framework\LucusCameraComponent.cpp">
      <Filter>lucus-framework</Filter>
    </ClCompile>
    <ClCompile Include="..\..\..\src\lucus-framework\LucusComponent.cpp">
      <Filter>lucus-framework</Filter>
    </ClCompile>
    <ClCompile Include="..\..\..\src\lucus-framework\LucusICamera.cpp">
      <Filter>lucus-framework</Filter>
    </ClCompile>
    <ClCompile Include="..\..\..\src\lucus-framework\LucusMeshComponent.cpp">
      <Filter>lucus-framework</Filter>
    </ClCompile>
    <ClCompile Include="..\..\..\src\lucus-framework\LucusSceneComponent.cpp">
      <Filter>lucus-framework</Filter>
    </ClCompile>
    <ClCompile Include="..\..\..\src\lucus-framework\LucusTimeManager.cpp">
      <Filter>lucus-framework</Filter>
    </ClCompile>
    <ClCompile Include="..\..\..\src\lucus-framework\LucusTransform.cpp">
      <Filter>lucus-framework</Filter>
    </ClCompile>
    <ClCompile Include="..\..\..\src\lucus-framework\LucusViewCamera.cpp">
      <Filter>lucus-framework</Filter>
    </ClCompile>
    <ClCompile Include="..\..\..\src\lucus-framework\LucusWorld.cpp">
      <Filter>lucus-framework</Filter>
    </ClCompile>
    <ClCompile Include="..\..\..\src\lucus-framework\RotatedMeshComponent.cpp">
      <Filter>lucus-framework</Filter>
    </ClCompile>
    <ClCompile Include="..\..\..\src\lucus-framework\SpringArmComponent.cpp">
      <Filter>lucus-framework</Filter>
    </ClCompile>
    <ClCompile Include="..\..\..\src\lucus-core\host.cpp">
      <Filter>lucus-core</Filter>
    </ClCompile>
    <ClCompile Include="..\..\..\src\lucus-core\lua_bind.cpp">
      <Filter>lucus-core</Filter>
    </ClCompile>
    <ClCompile Include="..\..\..\src\lucus-core\LucusCore.cpp">
      <Filter>lucus-core</Filter>
    </ClCompile>
    <ClCompile Include="..\..\..\src\lucus-core\LucusFileSystem.cpp">
      <Filter>lucus-core</Filter>
    </ClCompile>
    <ClCompile Include="..\..\..\src\lucus-core\LucusLuaObject.cpp">
      <Filter>lucus-core</Filter>
    </ClCompile>
    <ClCompile Include="..\..\..\src\lucus-core\LucusLuaStack.cpp">
      <Filter>lucus-core</Filter>
    </ClCompile>
    <ClCompile Include="..\..\..\src\lucus-core\LucusLuaState.cpp">
      <Filter>lucus-core</Filter>
    </ClCompile>
    <ClCompile Include="..\..\..\src\lucus-core\LucusObject.cpp">
      <Filter>lucus-core</Filter>
    </ClCompile>
    <ClCompile Include="..\..\..\src\lucus-core\LucusPtr.cpp">
      <Filter>lucus-core</Filter>
    </ClCompile>
    <ClCompile Include="..\..\..\src\lucus-render\DirectX12\LucusRenderCoreD3D12.cpp">
      <Filter>lucus-render\DirectX12</Filter>
    </ClCompile>
  </ItemGroup>
  <ItemGroup>
    <ClInclude Include="..\..\..\src\lucus-render\LucusRenderSystem.h">
      <Filter>lucus-render</Filter>
    </ClInclude>
    <ClInclude Include="..\..\..\3rdparty\d3d12\d3dx12.h">
      <Filter>d3d12</Filter>
    </ClInclude>
    <ClInclude Include="..\..\..\src\lucus-render\LucusRenderWindow.h">
      <Filter>lucus-render</Filter>
    </ClInclude>
    <ClInclude Include="..\..\..\src\lucus-render\DirectX12\LucusD3D12Device.h">
      <Filter>lucus-render\DirectX12</Filter>
    </ClInclude>
    <ClInclude Include="..\..\..\src\lucus-render\DirectX12\LucusD3D12Prerequisites.h">
      <Filter>lucus-render\DirectX12</Filter>
    </ClInclude>
    <ClInclude Include="..\..\..\src\lucus-render\DirectX12\LucusD3D12RenderSystem.h">
      <Filter>lucus-render\DirectX12</Filter>
    </ClInclude>
    <ClInclude Include="..\..\..\src\lucus-render\DirectX12\LucusD3D12Window.h">
      <Filter>lucus-render\DirectX12</Filter>
    </ClInclude>
    <ClInclude Include="..\..\..\src\lucus-mesh-fbx\LucusMeshFormatFBX.h">
      <Filter>lucus-mesh-fbx</Filter>
    </ClInclude>
    <ClInclude Include="..\..\..\src\lucus-resources\LucusMesh.h">
      <Filter>lucus-resources</Filter>
    </ClInclude>
    <ClInclude Include="..\..\..\src\lucus-resources\LucusMeshFormat.h">
      <Filter>lucus-resources</Filter>
    </ClInclude>
    <ClInclude Include="..\..\..\src\lucus-resources\LucusMeshFormatManager.h">
      <Filter>lucus-resources</Filter>
    </ClInclude>
    <ClInclude Include="..\..\..\src\lucus-math\LucusMath.h">
      <Filter>lucus-math</Filter>
    </ClInclude>
    <ClInclude Include="..\..\..\src\lucus-render\LucusRenderTypes.h">
      <Filter>lucus-render</Filter>
    </ClInclude>
    <ClInclude Include="..\..\..\src\lucus-render\LucusScene.h">
      <Filter>lucus-render</Filter>
    </ClInclude>
    <ClInclude Include="..\..\..\src\lucus-render\LucusViewport.h">
      <Filter>lucus-render</Filter>
    </ClInclude>
    <ClInclude Include="..\..\..\src\lucus-render\DirectX12\LucusD3D12ComponentProxy.h">
      <Filter>lucus-render\DirectX12</Filter>
    </ClInclude>
    <ClInclude Include="..\..\..\src\lucus-resources\LucusImage.h">
      <Filter>lucus-resources</Filter>
    </ClInclude>
    <ClInclude Include="..\..\..\src\lucus-resources\LucusImageFormat.h">
      <Filter>lucus-resources</Filter>
    </ClInclude>
    <ClInclude Include="..\..\..\src\lucus-resources\LucusImageFormatManager.h">
      <Filter>lucus-resources</Filter>
    </ClInclude>
    <ClInclude Include="..\..\..\src\lucus-image-tga\LucusImageFormatTGA.h">
      <Filter>lucus-image-tga</Filter>
    </ClInclude>
    <ClInclude Include="..\..\..\src\lucus-image-png\LucusImageFormatPNG.h">
      <Filter>lucus-image-png</Filter>
    </ClInclude>
    <ClInclude Include="..\..\..\src\lucus-math\LucusMatrix.h">
      <Filter>lucus-math</Filter>
    </ClInclude>
    <ClInclude Include="..\..\..\src\lucus-math\LucusQuaternion.h">
      <Filter>lucus-math</Filter>
    </ClInclude>
    <ClInclude Include="..\..\..\src\lucus-math\LucusRotator.h">
      <Filter>lucus-math</Filter>
    </ClInclude>
    <ClInclude Include="..\..\..\src\lucus-math\LucusVector.h">
      <Filter>lucus-math</Filter>
    </ClInclude>
    <ClInclude Include="..\..\..\src\lucus-math\LucusVertexTypes.h">
      <Filter>lucus-math</Filter>
    </ClInclude>
    <ClInclude Include="..\..\..\src\lucus-resources\LucusResourceManager.h">
      <Filter>lucus-resources</Filter>
    </ClInclude>
    <ClInclude Include="..\..\..\src\lucus-render\LucusSceneComponentProxy.h">
      <Filter>lucus-render</Filter>
    </ClInclude>
    <ClInclude Include="..\..\..\src\lucus-memory\LucusMemory.h">
      <Filter>lucus-memory</Filter>
    </ClInclude>
    <ClInclude Include="..\..\..\src\lucus-memory\LucusMemoryManager.h">
      <Filter>lucus-memory</Filter>
    </ClInclude>
    <ClInclude Include="..\..\..\src\lucus-memory\LucusModuleAllocator.h">
      <Filter>lucus-memory</Filter>
    </ClInclude>
    <ClInclude Include="..\..\..\src\lucus-memory\LucusStackAllocator.h">
      <Filter>lucus-memory</Filter>
    </ClInclude>
    <ClInclude Include="..\..\..\src\lucus-framework\LucusActor.h">
      <Filter>lucus-framework</Filter>
    </ClInclude>
    <ClInclude Include="..\..\..\src\lucus-framework\LucusCameraComponent.h">
      <Filter>lucus-framework</Filter>
    </ClInclude>
    <ClInclude Include="..\..\..\src\lucus-framework\LucusComponent.h">
      <Filter>lucus-framework</Filter>
    </ClInclude>
    <ClInclude Include="..\..\..\src\lucus-framework\LucusICamera.h">
      <Filter>lucus-framework</Filter>
    </ClInclude>
    <ClInclude Include="..\..\..\src\lucus-framework\LucusMeshComponent.h">
      <Filter>lucus-framework</Filter>
    </ClInclude>
    <ClInclude Include="..\..\..\src\lucus-framework\LucusSceneComponent.h">
      <Filter>lucus-framework</Filter>
    </ClInclude>
    <ClInclude Include="..\..\..\src\lucus-framework\LucusTimeManager.h">
      <Filter>lucus-framework</Filter>
    </ClInclude>
    <ClInclude Include="..\..\..\src\lucus-framework\LucusTransform.h">
      <Filter>lucus-framework</Filter>
    </ClInclude>
    <ClInclude Include="..\..\..\src\lucus-framework\LucusUtils.h">
      <Filter>lucus-framework</Filter>
    </ClInclude>
    <ClInclude Include="..\..\..\src\lucus-framework\LucusViewCamera.h">
      <Filter>lucus-framework</Filter>
    </ClInclude>
    <ClInclude Include="..\..\..\src\lucus-framework\LucusWorld.h">
      <Filter>lucus-framework</Filter>
    </ClInclude>
    <ClInclude Include="..\..\..\src\lucus-framework\RotatedMeshComponent.h">
      <Filter>lucus-framework</Filter>
    </ClInclude>
    <ClInclude Include="..\..\..\src\lucus-framework\SpringArmComponent.h">
      <Filter>lucus-framework</Filter>
    </ClInclude>
    <ClInclude Include="..\..\..\src\lucus-core\host.h">
      <Filter>lucus-core</Filter>
    </ClInclude>
    <ClInclude Include="..\..\..\src\lucus-core\lua_bind.h">
      <Filter>lucus-core</Filter>
    </ClInclude>
    <ClInclude Include="..\..\..\src\lucus-core\LucusCore.h">
      <Filter>lucus-core</Filter>
    </ClInclude>
    <ClInclude Include="..\..\..\src\lucus-core\LucusFileSystem.h">
      <Filter>lucus-core</Filter>
    </ClInclude>
    <ClInclude Include="..\..\..\src\lucus-core\LucusLuaFactory.h">
      <Filter>lucus-core</Filter>
    </ClInclude>
    <ClInclude Include="..\..\..\src\lucus-core\LucusLuaObject.h">
      <Filter>lucus-core</Filter>
    </ClInclude>
    <ClInclude Include="..\..\..\src\lucus-core\LucusLuaStack.h">
      <Filter>lucus-core</Filter>
    </ClInclude>
    <ClInclude Include="..\..\..\src\lucus-core\LucusLuaState.h">
      <Filter>lucus-core</Filter>
    </ClInclude>
    <ClInclude Include="..\..\..\src\lucus-core\LucusObject.h">
      <Filter>lucus-core</Filter>
    </ClInclude>
    <ClInclude Include="..\..\..\src\lucus-core\LucusPtr.h">
      <Filter>lucus-core</Filter>
    </ClInclude>
    <ClInclude Include="..\..\..\src\lucus-core\LucusSingleton.h">
      <Filter>lucus-core</Filter>
    </ClInclude>
    <ClInclude Include="..\..\..\src\lucus-core\LucusTypes.h">
      <Filter>lucus-core</Filter>
    </ClInclude>
    <ClInclude Include="..\..\..\src\lucus-core\modules.h">
      <Filter>lucus-core</Filter>
    </ClInclude>
  </ItemGroup>
  <ItemGroup>
    <Image Include="AppIcons\LockScreenLogo.scale-200.png">
      <Filter>AppIcons</Filter>
    </Image>
    <Image Include="AppIcons\SplashScreen.scale-200.png">
      <Filter>AppIcons</Filter>
    </Image>
    <Image Include="AppIcons\Square44x44Logo.scale-200.png">
      <Filter>AppIcons</Filter>
    </Image>
    <Image Include="AppIcons\Square44x44Logo.targetsize-24_altform-unplated.png">
      <Filter>AppIcons</Filter>
    </Image>
    <Image Include="AppIcons\Square150x150Logo.scale-200.png">
      <Filter>AppIcons</Filter>
    </Image>
    <Image Include="AppIcons\StoreLogo.png">
      <Filter>AppIcons</Filter>
    </Image>
    <Image Include="AppIcons\Wide310x150Logo.scale-200.png">
      <Filter>AppIcons</Filter>
    </Image>
    <Image Include="Assets\textures\checker.png">
      <Filter>Assets\Textures</Filter>
    </Image>
    <Image Include="Assets\textures\checker-indexed.tga">
      <Filter>Assets\Textures</Filter>
    </Image>
    <Image Include="Assets\textures\checker-map.png">
      <Filter>Assets\Textures</Filter>
    </Image>
    <Image Include="Assets\textures\test-image.tga">
      <Filter>Assets\Textures</Filter>
    </Image>
  </ItemGroup>
  <ItemGroup>
    <AppxManifest Include="Package.appxmanifest" />
  </ItemGroup>
  <ItemGroup>
    <None Include="LucusGame_TemporaryKey.pfx" />
    <None Include="Assets\meshes\cube.fbx">
      <Filter>Assets\Meshes</Filter>
    </None>
    <None Include="Assets\Scripts\main.lua">
      <Filter>Assets\Scripts</Filter>
    </None>
  </ItemGroup>
  <ItemGroup>
    <FxCompile Include="..\..\..\src\lucus-resources\shaders\DirectX12\SimplePixelShader.hlsl">
      <Filter>Shaders</Filter>
    </FxCompile>
    <FxCompile Include="..\..\..\src\lucus-resources\shaders\DirectX12\SimpleVertexShader.hlsl">
      <Filter>Shaders</Filter>
    </FxCompile>
  </ItemGroup>
</Project>