
Microsoft Visual Studio Solution File, Format Version 12.00
# Visual Studio 15
VisualStudioVersion = 15.0.28307.960
MinimumVisualStudioVersion = 10.0.40219.1
Project("{8BC9CEB8-8B4A-11D0-8D11-00A0C91BC942}") = "LucusGame", "LucusGame\LucusGame.vcxproj", "{750F506E-A29D-4062-A817-73399EA1E6FD}"
EndProject
Global
	GlobalSection(SolutionConfigurationPlatforms) = preSolution
		Debug|ARM = Debug|ARM
		Debug|ARM64 = Debug|ARM64
		Debug|x64 = Debug|x64
		Debug|x86 = Debug|x86
		Release|ARM = Release|ARM
		Release|ARM64 = Release|ARM64
		Release|x64 = Release|x64
		Release|x86 = Release|x86
	EndGlobalSection
	GlobalSection(ProjectConfigurationPlatforms) = postSolution
		{750F506E-A29D-4062-A817-73399EA1E6FD}.Debug|ARM.ActiveCfg = Debug|ARM
		{750F506E-A29D-4062-A817-73399EA1E6FD}.Debug|ARM.Build.0 = Debug|ARM
		{750F506E-A29D-4062-A817-73399EA1E6FD}.Debug|ARM.Deploy.0 = Debug|ARM
		{750F506E-A29D-4062-A817-73399EA1E6FD}.Debug|ARM64.ActiveCfg = Debug|ARM64
		{750F506E-A29D-4062-A817-73399EA1E6FD}.Debug|ARM64.Build.0 = Debug|ARM64
		{750F506E-A29D-4062-A817-73399EA1E6FD}.Debug|ARM64.Deploy.0 = Debug|ARM64
		{750F506E-A29D-4062-A817-73399EA1E6FD}.Debug|x64.ActiveCfg = Debug|x64
		{750F506E-A29D-4062-A817-73399EA1E6FD}.Debug|x64.Build.0 = Debug|x64
		{750F506E-A29D-4062-A817-73399EA1E6FD}.Debug|x64.Deploy.0 = Debug|x64
		{750F506E-A29D-4062-A817-73399EA1E6FD}.Debug|x86.ActiveCfg = Debug|Win32
		{750F506E-A29D-4062-A817-73399EA1E6FD}.Debug|x86.Build.0 = Debug|Win32
		{750F506E-A29D-4062-A817-73399EA1E6FD}.Debug|x86.Deploy.0 = Debug|Win32
		{750F506E-A29D-4062-A817-73399EA1E6FD}.Release|ARM.ActiveCfg = Release|ARM
		{750F506E-A29D-4062-A817-73399EA1E6FD}.Release|ARM.Build.0 = Release|ARM
		{750F506E-A29D-4062-A817-73399EA1E6FD}.Release|ARM.Deploy.0 = Release|ARM
		{750F506E-A29D-4062-A817-73399EA1E6FD}.Release|ARM64.ActiveCfg = Release|ARM64
		{750F506E-A29D-4062-A817-73399EA1E6FD}.Release|ARM64.Build.0 = Release|ARM64
		{750F506E-A29D-4062-A817-73399EA1E6FD}.Release|ARM64.Deploy.0 = Release|ARM64
		{750F506E-A29D-4062-A817-73399EA1E6FD}.Release|x64.ActiveCfg = Release|x64
		{750F506E-A29D-4062-A817-73399EA1E6FD}.Release|x64.Build.0 = Release|x64
		{750F506E-A29D-4062-A817-73399EA1E6FD}.Release|x64.Deploy.0 = Release|x64
		{750F506E-A29D-4062-A817-73399EA1E6FD}.Release|x86.ActiveCfg = Release|Win32
		{750F506E-A29D-4062-A817-73399EA1E6FD}.Release|x86.Build.0 = Release|Win32
		{750F506E-A29D-4062-A817-73399EA1E6FD}.Release|x86.Deploy.0 = Release|Win32
	EndGlobalSection
	GlobalSection(SolutionProperties) = preSolution
		HideSolutionNode = FALSE
	EndGlobalSection
	GlobalSection(ExtensibilityGlobals) = postSolution
		SolutionGuid = {3AB055CD-3B3A-4B35-9B88-71EAD3642958}
	EndGlobalSection
EndGlobal
